#MicroXplorer Configuration settings - do not modify
ADC1.Channel-1\#ChannelRegularConversion=ADC_CHANNEL_12
ADC1.IPParameters=Rank-1\#ChannelRegularConversion,Channel-1\#ChannelRegularConversion,SamplingTime-1\#ChannelRegularConversion,OffsetNumber-1\#ChannelRegularConversion,OffsetSignedSaturation-1\#ChannelRegularConversion,NbrOfConversionFlag,master
ADC1.NbrOfConversionFlag=1
ADC1.OffsetNumber-1\#ChannelRegularConversion=ADC_OFFSET_NONE
ADC1.OffsetSignedSaturation-1\#ChannelRegularConversion=DISABLE
ADC1.Rank-1\#ChannelRegularConversion=1
ADC1.SamplingTime-1\#ChannelRegularConversion=ADC_SAMPLETIME_1CYCLE_5
ADC1.master=1
CAD.formats=[]
CAD.pinconfig=Dual
CAD.provider=
CORTEX_M7.AccessPermission_S-Cortex_Memory_Protection_Unit_Region1_Settings_S=MPU_REGION_PRIV_RW
CORTEX_M7.AccessPermission_S-Cortex_Memory_Protection_Unit_Region2_Settings_S=MPU_REGION_PRIV_RW
CORTEX_M7.AccessPermission_Spec=MPU_REGION_FULL_ACCESS
CORTEX_M7.BaseAddress_S-Cortex_Memory_Protection_Unit_Region1_Settings_S=0x24000000
CORTEX_M7.BaseAddress_S-Cortex_Memory_Protection_Unit_Region2_Settings_S=0xC0000000
CORTEX_M7.BaseAddress_Spec=0x08000000
CORTEX_M7.CPU_DCache=Enabled
CORTEX_M7.CPU_ICache=Enabled
CORTEX_M7.DisableExec_Spec=MPU_INSTRUCTION_ACCESS_ENABLE
CORTEX_M7.Enable_S-Cortex_Memory_Protection_Unit_Region1_Settings_S=MPU_REGION_ENABLE
CORTEX_M7.Enable_S-Cortex_Memory_Protection_Unit_Region2_Settings_S=MPU_REGION_ENABLE
CORTEX_M7.IPParameters=default_mode_Activation,CPU_ICache,CPU_DCache,BaseAddress_Spec,Size_Spec,SubRegionDisable_Spec,AccessPermission_Spec,DisableExec_Spec,IsShareable_Spec,IsCacheable_Spec,Enable_S-Cortex_Memory_Protection_Unit_Region1_Settings_S,BaseAddress_S-Cortex_Memory_Protection_Unit_Region1_Settings_S,Size_S-Cortex_Memory_Protection_Unit_Region1_Settings_S,AccessPermission_S-Cortex_Memory_Protection_Unit_Region1_Settings_S,TypeExtField_S-Cortex_Memory_Protection_Unit_Region1_Settings_S,IsCacheable_S-Cortex_Memory_Protection_Unit_Region1_Settings_S,Enable_S-Cortex_Memory_Protection_Unit_Region2_Settings_S,Number_S-Cortex_Memory_Protection_Unit_Region2_Settings_S,BaseAddress_S-Cortex_Memory_Protection_Unit_Region2_Settings_S,Size_S-Cortex_Memory_Protection_Unit_Region2_Settings_S,AccessPermission_S-Cortex_Memory_Protection_Unit_Region2_Settings_S,TypeExtField_S-Cortex_Memory_Protection_Unit_Region2_Settings_S,IsCacheable_S-Cortex_Memory_Protection_Unit_Region2_Settings_S,IsBufferable_S-Cortex_Memory_Protection_Unit_Region2_Settings_S
CORTEX_M7.IsBufferable_S-Cortex_Memory_Protection_Unit_Region2_Settings_S=MPU_ACCESS_BUFFERABLE
CORTEX_M7.IsCacheable_S-Cortex_Memory_Protection_Unit_Region1_Settings_S=MPU_ACCESS_CACHEABLE
CORTEX_M7.IsCacheable_S-Cortex_Memory_Protection_Unit_Region2_Settings_S=MPU_ACCESS_CACHEABLE
CORTEX_M7.IsCacheable_Spec=MPU_ACCESS_CACHEABLE
CORTEX_M7.IsShareable_Spec=MPU_ACCESS_NOT_SHAREABLE
CORTEX_M7.Number_S-Cortex_Memory_Protection_Unit_Region2_Settings_S=MPU_REGION_NUMBER2
CORTEX_M7.Size_S-Cortex_Memory_Protection_Unit_Region1_Settings_S=MPU_REGION_SIZE_512KB
CORTEX_M7.Size_S-Cortex_Memory_Protection_Unit_Region2_Settings_S=MPU_REGION_SIZE_32MB
CORTEX_M7.Size_Spec=MPU_REGION_SIZE_128KB
CORTEX_M7.SubRegionDisable_Spec=0x0
CORTEX_M7.TypeExtField_S-Cortex_Memory_Protection_Unit_Region1_Settings_S=MPU_TEX_LEVEL0
CORTEX_M7.TypeExtField_S-Cortex_Memory_Protection_Unit_Region2_Settings_S=MPU_TEX_LEVEL1
CORTEX_M7.default_mode_Activation=1
CRC.IPParameters=InputDataInversionMode,OutputDataInversionMode
CRC.InputDataInversionMode=CRC_INPUTDATA_INVERSION_BYTE
CRC.OutputDataInversionMode=CRC_OUTPUTDATA_INVERSION_ENABLE
CRYP.Algorithm=CRYP_AES_GCM
CRYP.IPParameters=Algorithm
DAC1.DAC_Channel-DAC_OUT1=DAC_CHANNEL_1
DAC1.IPParameters=DAC_Channel-DAC_OUT1
Dma.ADC1.13.Direction=DMA_PERIPH_TO_MEMORY
Dma.ADC1.13.EventEnable=DISABLE
Dma.ADC1.13.FIFOMode=DMA_FIFOMODE_DISABLE
Dma.ADC1.13.Instance=DMA2_Stream6
Dma.ADC1.13.MemDataAlignment=DMA_MDATAALIGN_HALFWORD
Dma.ADC1.13.MemInc=DMA_MINC_ENABLE
Dma.ADC1.13.Mode=DMA_NORMAL
Dma.ADC1.13.PeriphDataAlignment=DMA_PDATAALIGN_HALFWORD
Dma.ADC1.13.PeriphInc=DMA_PINC_DISABLE
Dma.ADC1.13.Polarity=HAL_DMAMUX_REQ_GEN_RISING
Dma.ADC1.13.Priority=DMA_PRIORITY_LOW
Dma.ADC1.13.RequestNumber=1
Dma.ADC1.13.RequestParameters=Instance,Direction,PeriphInc,MemInc,PeriphDataAlignment,MemDataAlignment,Mode,Priority,FIFOMode,SignalID,Polarity,RequestNumber,SyncSignalID,SyncPolarity,SyncEnable,EventEnable,SyncRequestNumber
Dma.ADC1.13.SignalID=NONE
Dma.ADC1.13.SyncEnable=DISABLE
Dma.ADC1.13.SyncPolarity=HAL_DMAMUX_SYNC_NO_EVENT
Dma.ADC1.13.SyncRequestNumber=1
Dma.ADC1.13.SyncSignalID=NONE
Dma.CRYP_IN.15.Direction=DMA_MEMORY_TO_PERIPH
Dma.CRYP_IN.15.EventEnable=DISABLE
Dma.CRYP_IN.15.FIFOMode=DMA_FIFOMODE_DISABLE
Dma.CRYP_IN.15.Instance=DMA2_Stream3
Dma.CRYP_IN.15.MemDataAlignment=DMA_MDATAALIGN_BYTE
Dma.CRYP_IN.15.MemInc=DMA_MINC_ENABLE
Dma.CRYP_IN.15.Mode=DMA_NORMAL
Dma.CRYP_IN.15.PeriphDataAlignment=DMA_PDATAALIGN_BYTE
Dma.CRYP_IN.15.PeriphInc=DMA_PINC_DISABLE
Dma.CRYP_IN.15.Polarity=HAL_DMAMUX_REQ_GEN_RISING
Dma.CRYP_IN.15.Priority=DMA_PRIORITY_LOW
Dma.CRYP_IN.15.RequestNumber=1
Dma.CRYP_IN.15.RequestParameters=Instance,Direction,PeriphInc,MemInc,PeriphDataAlignment,MemDataAlignment,Mode,Priority,FIFOMode,SignalID,Polarity,RequestNumber,SyncSignalID,SyncPolarity,SyncEnable,EventEnable,SyncRequestNumber
Dma.CRYP_IN.15.SignalID=NONE
Dma.CRYP_IN.15.SyncEnable=DISABLE
Dma.CRYP_IN.15.SyncPolarity=HAL_DMAMUX_SYNC_NO_EVENT
Dma.CRYP_IN.15.SyncRequestNumber=1
Dma.CRYP_IN.15.SyncSignalID=NONE
Dma.CRYP_OUT.14.Direction=DMA_PERIPH_TO_MEMORY
Dma.CRYP_OUT.14.EventEnable=DISABLE
Dma.CRYP_OUT.14.FIFOMode=DMA_FIFOMODE_DISABLE
Dma.CRYP_OUT.14.Instance=DMA2_Stream7
Dma.CRYP_OUT.14.MemDataAlignment=DMA_MDATAALIGN_BYTE
Dma.CRYP_OUT.14.MemInc=DMA_MINC_ENABLE
Dma.CRYP_OUT.14.Mode=DMA_NORMAL
Dma.CRYP_OUT.14.PeriphDataAlignment=DMA_PDATAALIGN_BYTE
Dma.CRYP_OUT.14.PeriphInc=DMA_PINC_DISABLE
Dma.CRYP_OUT.14.Polarity=HAL_DMAMUX_REQ_GEN_RISING
Dma.CRYP_OUT.14.Priority=DMA_PRIORITY_LOW
Dma.CRYP_OUT.14.RequestNumber=1
Dma.CRYP_OUT.14.RequestParameters=Instance,Direction,PeriphInc,MemInc,PeriphDataAlignment,MemDataAlignment,Mode,Priority,FIFOMode,SignalID,Polarity,RequestNumber,SyncSignalID,SyncPolarity,SyncEnable,EventEnable,SyncRequestNumber
Dma.CRYP_OUT.14.SignalID=NONE
Dma.CRYP_OUT.14.SyncEnable=DISABLE
Dma.CRYP_OUT.14.SyncPolarity=HAL_DMAMUX_SYNC_NO_EVENT
Dma.CRYP_OUT.14.SyncRequestNumber=1
Dma.CRYP_OUT.14.SyncSignalID=NONE
Dma.I2C1_RX.2.Direction=DMA_PERIPH_TO_MEMORY
Dma.I2C1_RX.2.EventEnable=DISABLE
Dma.I2C1_RX.2.FIFOMode=DMA_FIFOMODE_DISABLE
Dma.I2C1_RX.2.Instance=DMA1_Stream3
Dma.I2C1_RX.2.MemDataAlignment=DMA_MDATAALIGN_BYTE
Dma.I2C1_RX.2.MemInc=DMA_MINC_ENABLE
Dma.I2C1_RX.2.Mode=DMA_NORMAL
Dma.I2C1_RX.2.PeriphDataAlignment=DMA_PDATAALIGN_BYTE
Dma.I2C1_RX.2.PeriphInc=DMA_PINC_DISABLE
Dma.I2C1_RX.2.Polarity=HAL_DMAMUX_REQ_GEN_RISING
Dma.I2C1_RX.2.Priority=DMA_PRIORITY_LOW
Dma.I2C1_RX.2.RequestNumber=1
Dma.I2C1_RX.2.RequestParameters=Instance,Direction,PeriphInc,MemInc,PeriphDataAlignment,MemDataAlignment,Mode,Priority,FIFOMode,SignalID,Polarity,RequestNumber,SyncSignalID,SyncPolarity,SyncEnable,EventEnable,SyncRequestNumber
Dma.I2C1_RX.2.SignalID=NONE
Dma.I2C1_RX.2.SyncEnable=DISABLE
Dma.I2C1_RX.2.SyncPolarity=HAL_DMAMUX_SYNC_NO_EVENT
Dma.I2C1_RX.2.SyncRequestNumber=1
Dma.I2C1_RX.2.SyncSignalID=NONE
Dma.I2C1_TX.10.Direction=DMA_MEMORY_TO_PERIPH
Dma.I2C1_TX.10.EventEnable=DISABLE
Dma.I2C1_TX.10.FIFOMode=DMA_FIFOMODE_DISABLE
Dma.I2C1_TX.10.Instance=DMA2_Stream2
Dma.I2C1_TX.10.MemDataAlignment=DMA_MDATAALIGN_BYTE
Dma.I2C1_TX.10.MemInc=DMA_MINC_ENABLE
Dma.I2C1_TX.10.Mode=DMA_NORMAL
Dma.I2C1_TX.10.PeriphDataAlignment=DMA_PDATAALIGN_BYTE
Dma.I2C1_TX.10.PeriphInc=DMA_PINC_DISABLE
Dma.I2C1_TX.10.Polarity=HAL_DMAMUX_REQ_GEN_RISING
Dma.I2C1_TX.10.Priority=DMA_PRIORITY_LOW
Dma.I2C1_TX.10.RequestNumber=1
Dma.I2C1_TX.10.RequestParameters=Instance,Direction,PeriphInc,MemInc,PeriphDataAlignment,MemDataAlignment,Mode,Priority,FIFOMode,SignalID,Polarity,RequestNumber,SyncSignalID,SyncPolarity,SyncEnable,EventEnable,SyncRequestNumber
Dma.I2C1_TX.10.SignalID=NONE
Dma.I2C1_TX.10.SyncEnable=DISABLE
Dma.I2C1_TX.10.SyncPolarity=HAL_DMAMUX_SYNC_NO_EVENT
Dma.I2C1_TX.10.SyncRequestNumber=1
Dma.I2C1_TX.10.SyncSignalID=NONE
Dma.I2C2_RX.3.Direction=DMA_PERIPH_TO_MEMORY
Dma.I2C2_RX.3.EventEnable=DISABLE
Dma.I2C2_RX.3.FIFOMode=DMA_FIFOMODE_DISABLE
Dma.I2C2_RX.3.Instance=DMA1_Stream4
Dma.I2C2_RX.3.MemDataAlignment=DMA_MDATAALIGN_BYTE
Dma.I2C2_RX.3.MemInc=DMA_MINC_ENABLE
Dma.I2C2_RX.3.Mode=DMA_NORMAL
Dma.I2C2_RX.3.PeriphDataAlignment=DMA_PDATAALIGN_BYTE
Dma.I2C2_RX.3.PeriphInc=DMA_PINC_DISABLE
Dma.I2C2_RX.3.Polarity=HAL_DMAMUX_REQ_GEN_RISING
Dma.I2C2_RX.3.Priority=DMA_PRIORITY_LOW
Dma.I2C2_RX.3.RequestNumber=1
Dma.I2C2_RX.3.RequestParameters=Instance,Direction,PeriphInc,MemInc,PeriphDataAlignment,MemDataAlignment,Mode,Priority,FIFOMode,SignalID,Polarity,RequestNumber,SyncSignalID,SyncPolarity,SyncEnable,EventEnable,SyncRequestNumber
Dma.I2C2_RX.3.SignalID=NONE
Dma.I2C2_RX.3.SyncEnable=DISABLE
Dma.I2C2_RX.3.SyncPolarity=HAL_DMAMUX_SYNC_NO_EVENT
Dma.I2C2_RX.3.SyncRequestNumber=1
Dma.I2C2_RX.3.SyncSignalID=NONE
Dma.I2C2_TX.9.Direction=DMA_MEMORY_TO_PERIPH
Dma.I2C2_TX.9.EventEnable=DISABLE
Dma.I2C2_TX.9.FIFOMode=DMA_FIFOMODE_DISABLE
Dma.I2C2_TX.9.Instance=DMA2_Stream1
Dma.I2C2_TX.9.MemDataAlignment=DMA_MDATAALIGN_BYTE
Dma.I2C2_TX.9.MemInc=DMA_MINC_ENABLE
Dma.I2C2_TX.9.Mode=DMA_NORMAL
Dma.I2C2_TX.9.PeriphDataAlignment=DMA_PDATAALIGN_BYTE
Dma.I2C2_TX.9.PeriphInc=DMA_PINC_DISABLE
Dma.I2C2_TX.9.Polarity=HAL_DMAMUX_REQ_GEN_RISING
Dma.I2C2_TX.9.Priority=DMA_PRIORITY_LOW
Dma.I2C2_TX.9.RequestNumber=1
Dma.I2C2_TX.9.RequestParameters=Instance,Direction,PeriphInc,MemInc,PeriphDataAlignment,MemDataAlignment,Mode,Priority,FIFOMode,SignalID,Polarity,RequestNumber,SyncSignalID,SyncPolarity,SyncEnable,EventEnable,SyncRequestNumber
Dma.I2C2_TX.9.SignalID=NONE
Dma.I2C2_TX.9.SyncEnable=DISABLE
Dma.I2C2_TX.9.SyncPolarity=HAL_DMAMUX_SYNC_NO_EVENT
Dma.I2C2_TX.9.SyncRequestNumber=1
Dma.I2C2_TX.9.SyncSignalID=NONE
Dma.MEMTOMEM.12.Direction=DMA_MEMORY_TO_MEMORY
Dma.MEMTOMEM.12.EventEnable=DISABLE
Dma.MEMTOMEM.12.FIFOMode=DMA_FIFOMODE_ENABLE
Dma.MEMTOMEM.12.FIFOThreshold=DMA_FIFO_THRESHOLD_FULL
Dma.MEMTOMEM.12.Instance=DMA2_Stream5
Dma.MEMTOMEM.12.MemBurst=DMA_MBURST_SINGLE
Dma.MEMTOMEM.12.MemDataAlignment=DMA_MDATAALIGN_BYTE
Dma.MEMTOMEM.12.MemInc=DMA_MINC_ENABLE
Dma.MEMTOMEM.12.Mode=DMA_NORMAL
Dma.MEMTOMEM.12.PeriphBurst=DMA_PBURST_SINGLE
Dma.MEMTOMEM.12.PeriphDataAlignment=DMA_PDATAALIGN_BYTE
Dma.MEMTOMEM.12.PeriphInc=DMA_PINC_ENABLE
Dma.MEMTOMEM.12.Polarity=HAL_DMAMUX_REQ_GEN_RISING
Dma.MEMTOMEM.12.Priority=DMA_PRIORITY_LOW
Dma.MEMTOMEM.12.RequestNumber=1
Dma.MEMTOMEM.12.RequestParameters=Instance,Direction,PeriphInc,MemInc,PeriphDataAlignment,MemDataAlignment,Mode,Priority,FIFOMode,FIFOThreshold,MemBurst,PeriphBurst,SignalID,Polarity,RequestNumber,SyncSignalID,SyncPolarity,SyncEnable,EventEnable,SyncRequestNumber
Dma.MEMTOMEM.12.SignalID=NONE
Dma.MEMTOMEM.12.SyncEnable=DISABLE
Dma.MEMTOMEM.12.SyncPolarity=HAL_DMAMUX_SYNC_NO_EVENT
Dma.MEMTOMEM.12.SyncRequestNumber=1
Dma.MEMTOMEM.12.SyncSignalID=NONE
Dma.Request0=UART7_RX
Dma.Request1=UART8_RX
Dma.Request10=I2C1_TX
Dma.Request11=SPI1_TX
Dma.Request12=MEMTOMEM
Dma.Request13=ADC1
Dma.Request14=CRYP_OUT
Dma.Request15=CRYP_IN
Dma.Request2=I2C1_RX
Dma.Request3=I2C2_RX
Dma.Request4=SPI1_RX
Dma.Request5=UART5_RX
Dma.Request6=UART5_TX
Dma.Request7=UART7_TX
Dma.Request8=UART8_TX
Dma.Request9=I2C2_TX
Dma.RequestsNb=16
Dma.SPI1_RX.4.Direction=DMA_PERIPH_TO_MEMORY
Dma.SPI1_RX.4.EventEnable=DISABLE
Dma.SPI1_RX.4.FIFOMode=DMA_FIFOMODE_DISABLE
Dma.SPI1_RX.4.Instance=DMA1_Stream5
Dma.SPI1_RX.4.MemDataAlignment=DMA_MDATAALIGN_BYTE
Dma.SPI1_RX.4.MemInc=DMA_MINC_ENABLE
Dma.SPI1_RX.4.Mode=DMA_NORMAL
Dma.SPI1_RX.4.PeriphDataAlignment=DMA_PDATAALIGN_BYTE
Dma.SPI1_RX.4.PeriphInc=DMA_PINC_DISABLE
Dma.SPI1_RX.4.Polarity=HAL_DMAMUX_REQ_GEN_RISING
Dma.SPI1_RX.4.Priority=DMA_PRIORITY_LOW
Dma.SPI1_RX.4.RequestNumber=1
Dma.SPI1_RX.4.RequestParameters=Instance,Direction,PeriphInc,MemInc,PeriphDataAlignment,MemDataAlignment,Mode,Priority,FIFOMode,SignalID,Polarity,RequestNumber,SyncSignalID,SyncPolarity,SyncEnable,EventEnable,SyncRequestNumber
Dma.SPI1_RX.4.SignalID=NONE
Dma.SPI1_RX.4.SyncEnable=DISABLE
Dma.SPI1_RX.4.SyncPolarity=HAL_DMAMUX_SYNC_NO_EVENT
Dma.SPI1_RX.4.SyncRequestNumber=1
Dma.SPI1_RX.4.SyncSignalID=NONE
Dma.SPI1_TX.11.Direction=DMA_MEMORY_TO_PERIPH
Dma.SPI1_TX.11.EventEnable=DISABLE
Dma.SPI1_TX.11.FIFOMode=DMA_FIFOMODE_DISABLE
Dma.SPI1_TX.11.Instance=DMA2_Stream4
Dma.SPI1_TX.11.MemDataAlignment=DMA_MDATAALIGN_BYTE
Dma.SPI1_TX.11.MemInc=DMA_MINC_ENABLE
Dma.SPI1_TX.11.Mode=DMA_NORMAL
Dma.SPI1_TX.11.PeriphDataAlignment=DMA_PDATAALIGN_BYTE
Dma.SPI1_TX.11.PeriphInc=DMA_PINC_DISABLE
Dma.SPI1_TX.11.Polarity=HAL_DMAMUX_REQ_GEN_RISING
Dma.SPI1_TX.11.Priority=DMA_PRIORITY_LOW
Dma.SPI1_TX.11.RequestNumber=1
Dma.SPI1_TX.11.RequestParameters=Instance,Direction,PeriphInc,MemInc,PeriphDataAlignment,MemDataAlignment,Mode,Priority,FIFOMode,SignalID,Polarity,RequestNumber,SyncSignalID,SyncPolarity,SyncEnable,EventEnable,SyncRequestNumber
Dma.SPI1_TX.11.SignalID=NONE
Dma.SPI1_TX.11.SyncEnable=DISABLE
Dma.SPI1_TX.11.SyncPolarity=HAL_DMAMUX_SYNC_NO_EVENT
Dma.SPI1_TX.11.SyncRequestNumber=1
Dma.SPI1_TX.11.SyncSignalID=NONE
Dma.UART5_RX.5.Direction=DMA_PERIPH_TO_MEMORY
Dma.UART5_RX.5.EventEnable=DISABLE
Dma.UART5_RX.5.FIFOMode=DMA_FIFOMODE_DISABLE
Dma.UART5_RX.5.Instance=DMA1_Stream0
Dma.UART5_RX.5.MemDataAlignment=DMA_MDATAALIGN_BYTE
Dma.UART5_RX.5.MemInc=DMA_MINC_ENABLE
Dma.UART5_RX.5.Mode=DMA_NORMAL
Dma.UART5_RX.5.PeriphDataAlignment=DMA_PDATAALIGN_BYTE
Dma.UART5_RX.5.PeriphInc=DMA_PINC_DISABLE
Dma.UART5_RX.5.Polarity=HAL_DMAMUX_REQ_GEN_RISING
Dma.UART5_RX.5.Priority=DMA_PRIORITY_LOW
Dma.UART5_RX.5.RequestNumber=1
Dma.UART5_RX.5.RequestParameters=Instance,Direction,PeriphInc,MemInc,PeriphDataAlignment,MemDataAlignment,Mode,Priority,FIFOMode,SignalID,Polarity,RequestNumber,SyncSignalID,SyncPolarity,SyncEnable,EventEnable,SyncRequestNumber
Dma.UART5_RX.5.SignalID=NONE
Dma.UART5_RX.5.SyncEnable=DISABLE
Dma.UART5_RX.5.SyncPolarity=HAL_DMAMUX_SYNC_NO_EVENT
Dma.UART5_RX.5.SyncRequestNumber=1
Dma.UART5_RX.5.SyncSignalID=NONE
Dma.UART5_TX.6.Direction=DMA_MEMORY_TO_PERIPH
Dma.UART5_TX.6.EventEnable=DISABLE
Dma.UART5_TX.6.FIFOMode=DMA_FIFOMODE_DISABLE
Dma.UART5_TX.6.Instance=DMA1_Stream6
Dma.UART5_TX.6.MemDataAlignment=DMA_MDATAALIGN_BYTE
Dma.UART5_TX.6.MemInc=DMA_MINC_ENABLE
Dma.UART5_TX.6.Mode=DMA_NORMAL
Dma.UART5_TX.6.PeriphDataAlignment=DMA_PDATAALIGN_BYTE
Dma.UART5_TX.6.PeriphInc=DMA_PINC_DISABLE
Dma.UART5_TX.6.Polarity=HAL_DMAMUX_REQ_GEN_RISING
Dma.UART5_TX.6.Priority=DMA_PRIORITY_LOW
Dma.UART5_TX.6.RequestNumber=1
Dma.UART5_TX.6.RequestParameters=Instance,Direction,PeriphInc,MemInc,PeriphDataAlignment,MemDataAlignment,Mode,Priority,FIFOMode,SignalID,Polarity,RequestNumber,SyncSignalID,SyncPolarity,SyncEnable,EventEnable,SyncRequestNumber
Dma.UART5_TX.6.SignalID=NONE
Dma.UART5_TX.6.SyncEnable=DISABLE
Dma.UART5_TX.6.SyncPolarity=HAL_DMAMUX_SYNC_NO_EVENT
Dma.UART5_TX.6.SyncRequestNumber=1
Dma.UART5_TX.6.SyncSignalID=NONE
Dma.UART7_RX.0.Direction=DMA_PERIPH_TO_MEMORY
Dma.UART7_RX.0.EventEnable=DISABLE
Dma.UART7_RX.0.FIFOMode=DMA_FIFOMODE_DISABLE
Dma.UART7_RX.0.Instance=DMA1_Stream1
Dma.UART7_RX.0.MemDataAlignment=DMA_MDATAALIGN_BYTE
Dma.UART7_RX.0.MemInc=DMA_MINC_ENABLE
Dma.UART7_RX.0.Mode=DMA_NORMAL
Dma.UART7_RX.0.PeriphDataAlignment=DMA_PDATAALIGN_BYTE
Dma.UART7_RX.0.PeriphInc=DMA_PINC_DISABLE
Dma.UART7_RX.0.Polarity=HAL_DMAMUX_REQ_GEN_RISING
Dma.UART7_RX.0.Priority=DMA_PRIORITY_LOW
Dma.UART7_RX.0.RequestNumber=1
Dma.UART7_RX.0.RequestParameters=Instance,Direction,PeriphInc,MemInc,PeriphDataAlignment,MemDataAlignment,Mode,Priority,FIFOMode,SignalID,Polarity,RequestNumber,SyncSignalID,SyncPolarity,SyncEnable,EventEnable,SyncRequestNumber
Dma.UART7_RX.0.SignalID=NONE
Dma.UART7_RX.0.SyncEnable=DISABLE
Dma.UART7_RX.0.SyncPolarity=HAL_DMAMUX_SYNC_NO_EVENT
Dma.UART7_RX.0.SyncRequestNumber=1
Dma.UART7_RX.0.SyncSignalID=NONE
Dma.UART7_TX.7.Direction=DMA_MEMORY_TO_PERIPH
Dma.UART7_TX.7.EventEnable=DISABLE
Dma.UART7_TX.7.FIFOMode=DMA_FIFOMODE_DISABLE
Dma.UART7_TX.7.Instance=DMA1_Stream7
Dma.UART7_TX.7.MemDataAlignment=DMA_MDATAALIGN_BYTE
Dma.UART7_TX.7.MemInc=DMA_MINC_ENABLE
Dma.UART7_TX.7.Mode=DMA_NORMAL
Dma.UART7_TX.7.PeriphDataAlignment=DMA_PDATAALIGN_BYTE
Dma.UART7_TX.7.PeriphInc=DMA_PINC_DISABLE
Dma.UART7_TX.7.Polarity=HAL_DMAMUX_REQ_GEN_RISING
Dma.UART7_TX.7.Priority=DMA_PRIORITY_LOW
Dma.UART7_TX.7.RequestNumber=1
Dma.UART7_TX.7.RequestParameters=Instance,Direction,PeriphInc,MemInc,PeriphDataAlignment,MemDataAlignment,Mode,Priority,FIFOMode,SignalID,Polarity,RequestNumber,SyncSignalID,SyncPolarity,SyncEnable,EventEnable,SyncRequestNumber
Dma.UART7_TX.7.SignalID=NONE
Dma.UART7_TX.7.SyncEnable=DISABLE
Dma.UART7_TX.7.SyncPolarity=HAL_DMAMUX_SYNC_NO_EVENT
Dma.UART7_TX.7.SyncRequestNumber=1
Dma.UART7_TX.7.SyncSignalID=NONE
Dma.UART8_RX.1.Direction=DMA_PERIPH_TO_MEMORY
Dma.UART8_RX.1.EventEnable=DISABLE
Dma.UART8_RX.1.FIFOMode=DMA_FIFOMODE_DISABLE
Dma.UART8_RX.1.Instance=DMA1_Stream2
Dma.UART8_RX.1.MemDataAlignment=DMA_MDATAALIGN_BYTE
Dma.UART8_RX.1.MemInc=DMA_MINC_ENABLE
Dma.UART8_RX.1.Mode=DMA_NORMAL
Dma.UART8_RX.1.PeriphDataAlignment=DMA_PDATAALIGN_BYTE
Dma.UART8_RX.1.PeriphInc=DMA_PINC_DISABLE
Dma.UART8_RX.1.Polarity=HAL_DMAMUX_REQ_GEN_RISING
Dma.UART8_RX.1.Priority=DMA_PRIORITY_LOW
Dma.UART8_RX.1.RequestNumber=1
Dma.UART8_RX.1.RequestParameters=Instance,Direction,PeriphInc,MemInc,PeriphDataAlignment,MemDataAlignment,Mode,Priority,FIFOMode,SignalID,Polarity,RequestNumber,SyncSignalID,SyncPolarity,SyncEnable,EventEnable,SyncRequestNumber
Dma.UART8_RX.1.SignalID=NONE
Dma.UART8_RX.1.SyncEnable=DISABLE
Dma.UART8_RX.1.SyncPolarity=HAL_DMAMUX_SYNC_NO_EVENT
Dma.UART8_RX.1.SyncRequestNumber=1
Dma.UART8_RX.1.SyncSignalID=NONE
Dma.UART8_TX.8.Direction=DMA_MEMORY_TO_PERIPH
Dma.UART8_TX.8.EventEnable=DISABLE
Dma.UART8_TX.8.FIFOMode=DMA_FIFOMODE_DISABLE
Dma.UART8_TX.8.Instance=DMA2_Stream0
Dma.UART8_TX.8.MemDataAlignment=DMA_MDATAALIGN_BYTE
Dma.UART8_TX.8.MemInc=DMA_MINC_ENABLE
Dma.UART8_TX.8.Mode=DMA_NORMAL
Dma.UART8_TX.8.PeriphDataAlignment=DMA_PDATAALIGN_BYTE
Dma.UART8_TX.8.PeriphInc=DMA_PINC_DISABLE
Dma.UART8_TX.8.Polarity=HAL_DMAMUX_REQ_GEN_RISING
Dma.UART8_TX.8.Priority=DMA_PRIORITY_LOW
Dma.UART8_TX.8.RequestNumber=1
Dma.UART8_TX.8.RequestParameters=Instance,Direction,PeriphInc,MemInc,PeriphDataAlignment,MemDataAlignment,Mode,Priority,FIFOMode,SignalID,Polarity,RequestNumber,SyncSignalID,SyncPolarity,SyncEnable,EventEnable,SyncRequestNumber
Dma.UART8_TX.8.SignalID=NONE
Dma.UART8_TX.8.SyncEnable=DISABLE
Dma.UART8_TX.8.SyncPolarity=HAL_DMAMUX_SYNC_NO_EVENT
Dma.UART8_TX.8.SyncRequestNumber=1
Dma.UART8_TX.8.SyncSignalID=NONE
FDCAN1.CalculateBaudRateNominal=1041666
FDCAN1.CalculateTimeBitNominal=960
FDCAN1.CalculateTimeQuantumNominal=320.0
FDCAN1.FrameFormat=FDCAN_FRAME_FD_NO_BRS
FDCAN1.IPParameters=CalculateTimeQuantumNominal,CalculateTimeBitNominal,CalculateBaudRateNominal,FrameFormat
FMC.ColumnBitsNumber1=FMC_SDRAM_COLUMN_BITS_NUM_9
FMC.ExitSelfRefreshDelay1=8
FMC.IPParameters=ColumnBitsNumber1,SDClockPeriod1,ReadBurst1,ReadPipeDelay1,LoadToActiveDelay1,ExitSelfRefreshDelay1,SelfRefreshTime1,RowCycleDelay1,WriteRecoveryTime1,RPDelay1,RCDDelay1
FMC.LoadToActiveDelay1=2
FMC.RCDDelay1=2
FMC.RPDelay1=2
FMC.ReadBurst1=FMC_SDRAM_RBURST_ENABLE
FMC.ReadPipeDelay1=FMC_SDRAM_RPIPE_DELAY_1
FMC.RowCycleDelay1=6
FMC.SDClockPeriod1=FMC_SDRAM_CLOCK_PERIOD_2
FMC.SelfRefreshTime1=5
FMC.WriteRecoveryTime1=3
File.Version=6
GPIO.groupedBy=Expand Peripherals
HASH.IPParameters=SecureHashAlgorithmType,KeySize
HASH.KeySize=1
HASH.SecureHashAlgorithmType=HMAC SHA256
I2C1.IPParameters=Timing
I2C1.Timing=0x00707CBB
I2C2.I2C_Speed_Mode=I2C_Fast
I2C2.IPParameters=I2C_Speed_Mode,Timing
I2C2.Timing=0x00300F38
IWDG1.IPParameters=Prescaler
IWDG1.Prescaler=IWDG_PRESCALER_256
KeepUserPlacement=false
MMTAppReg1.MEMORYMAP.AppRegionName=DTCMRAM
MMTAppReg1.MEMORYMAP.ContextName=Cortex-M7NS
MMTAppReg1.MEMORYMAP.CoreName=ARM Cortex-M7
MMTAppReg1.MEMORYMAP.IPParameters=StartAddress,Size,CoreName,ContextName,Name
MMTAppReg1.MEMORYMAP.Name=DTCMRAM
MMTAppReg1.MEMORYMAP.Size=131072
MMTAppReg1.MEMORYMAP.StartAddress=0x20000000
MMTAppReg2.MEMORYMAP.AppRegionName=RAM
MMTAppReg2.MEMORYMAP.ContextName=Cortex-M7NS
MMTAppReg2.MEMORYMAP.CoreName=ARM Cortex-M7
MMTAppReg2.MEMORYMAP.DefaultDataRegion=true
MMTAppReg2.MEMORYMAP.IPParameters=StartAddress,Size,CoreName,ContextName,Name,DefaultDataRegion
MMTAppReg2.MEMORYMAP.Name=RAM
MMTAppReg2.MEMORYMAP.Size=524288
MMTAppReg2.MEMORYMAP.StartAddress=0x24000000
MMTAppReg3.MEMORYMAP.AppRegionName=RAM_D2
MMTAppReg3.MEMORYMAP.ContextName=Cortex-M7NS
MMTAppReg3.MEMORYMAP.CoreName=ARM Cortex-M7
MMTAppReg3.MEMORYMAP.IPParameters=StartAddress,Size,CoreName,ContextName,Name
MMTAppReg3.MEMORYMAP.Name=RAM_D2
MMTAppReg3.MEMORYMAP.Size=294912
MMTAppReg3.MEMORYMAP.StartAddress=0x30000000
MMTAppReg4.MEMORYMAP.AppRegionName=RAM_D3
MMTAppReg4.MEMORYMAP.ContextName=Cortex-M7NS
MMTAppReg4.MEMORYMAP.CoreName=ARM Cortex-M7
MMTAppReg4.MEMORYMAP.IPParameters=StartAddress,Size,CoreName,ContextName,Name
MMTAppReg4.MEMORYMAP.Name=RAM_D3
MMTAppReg4.MEMORYMAP.Size=65536
MMTAppReg4.MEMORYMAP.StartAddress=0x38000000
MMTAppReg5.MEMORYMAP.AppRegionName=ITCMRAM
MMTAppReg5.MEMORYMAP.Cacheability=WTRA
MMTAppReg5.MEMORYMAP.ContextName=Cortex-M7NS
MMTAppReg5.MEMORYMAP.CoreName=ARM Cortex-M7
MMTAppReg5.MEMORYMAP.IPParameters=StartAddress,Size,CoreName,ContextName,Name,Cacheability
MMTAppReg5.MEMORYMAP.Name=ITCMRAM
MMTAppReg5.MEMORYMAP.Size=65536
MMTAppReg5.MEMORYMAP.StartAddress=0x00000000
MMTAppReg6.MEMORYMAP.AP=RO_priv_only
MMTAppReg6.MEMORYMAP.AppRegionName=FLASH
MMTAppReg6.MEMORYMAP.Cacheability=WTRA
MMTAppReg6.MEMORYMAP.ContextName=Cortex-M7NS
MMTAppReg6.MEMORYMAP.CoreName=ARM Cortex-M7
MMTAppReg6.MEMORYMAP.DefaultCodeRegion=true
MMTAppReg6.MEMORYMAP.IPParameters=StartAddress,Size,CoreName,MemType,ContextName,Name,AP,Cacheability,DefaultCodeRegion,ISRRegion,RootBootRegion
MMTAppReg6.MEMORYMAP.ISRRegion=true
MMTAppReg6.MEMORYMAP.MemType=ROM
MMTAppReg6.MEMORYMAP.Name=FLASH
MMTAppReg6.MEMORYMAP.RootBootRegion=true
MMTAppReg6.MEMORYMAP.Size=131072
MMTAppReg6.MEMORYMAP.StartAddress=0x08000000
MMTAppRegionsCount=6
MMTConfigApplied=false
MMTProjectManagerApplied=false
Mcu.CPN=STM32H750XBH6
Mcu.Family=STM32H7
Mcu.IP0=ADC1
Mcu.IP1=CORTEX_M7
Mcu.IP10=I2C1
Mcu.IP11=I2C2
Mcu.IP12=IWDG1
Mcu.IP13=LPTIM1
Mcu.IP14=MDMA
Mcu.IP15=MEMORYMAP
Mcu.IP16=NVIC
Mcu.IP17=RCC
Mcu.IP18=RNG
Mcu.IP19=RTC
Mcu.IP2=CRC
Mcu.IP20=SDMMC1
Mcu.IP21=SDMMC2
Mcu.IP22=SPI1
Mcu.IP23=SYS
Mcu.IP24=TIM2
Mcu.IP25=TIM3
Mcu.IP26=TIM8
Mcu.IP27=TIM12
Mcu.IP28=UART5
Mcu.IP29=UART7
Mcu.IP3=CRYP
Mcu.IP30=UART8
Mcu.IP31=USB_OTG_FS
Mcu.IP4=DAC1
Mcu.IP5=DEBUG
Mcu.IP6=DMA
Mcu.IP7=FDCAN1
Mcu.IP8=FMC
Mcu.IP9=HASH
Mcu.IPNb=32
Mcu.Name=STM32H750XBHx
Mcu.Package=TFBGA240
Mcu.Pin0=PI6
Mcu.Pin1=PI5
Mcu.Pin10=PI7
Mcu.Pin100=PB0
Mcu.Pin101=PG1
Mcu.Pin102=PE7
Mcu.Pin103=PE14
Mcu.Pin104=PB13
Mcu.Pin105=PB14
Mcu.Pin106=PD8
Mcu.Pin107=VP_CRC_VS_CRC
Mcu.Pin108=VP_CRYP_VS_CRYP
Mcu.Pin109=VP_HASH_VS_HASH
Mcu.Pin11=PE1
Mcu.Pin110=VP_IWDG1_VS_IWDG
Mcu.Pin111=VP_LPTIM1_VS_LPTIM_counterModeInternalClock
Mcu.Pin112=VP_RNG_VS_RNG
Mcu.Pin113=VP_RTC_VS_RTC_Activate
Mcu.Pin114=VP_SYS_VS_tim1
Mcu.Pin115=VP_TIM2_VS_ClockSourceINT
Mcu.Pin116=VP_TIM3_VS_ClockSourceINT
Mcu.Pin117=VP_TIM8_VS_ClockSourceINT
Mcu.Pin118=VP_TIM12_VS_ClockSourceINT
Mcu.Pin119=VP_MEMORYMAP_VS_MEMORYMAP
Mcu.Pin12=PB6
Mcu.Pin120=VP_STMicroelectronics.X-CUBE-AZRTOS-H7_VS_RTOSJjThreadX_6.4.0_3.4.0
Mcu.Pin121=VP_STMicroelectronics.X-CUBE-AZRTOS-H7_VS_FileOoSystemJjFileX_6.4.0_3.4.0
Mcu.Pin122=VP_STMicroelectronics.X-CUBE-AZRTOS-H7_VS_FileOoSystemJjInterfaces_3.4.0_3.4.0
Mcu.Pin123=VP_STMicroelectronics.X-CUBE-AZRTOS-H7_VS_USBJjUSBX_6.4.0_3.4.0
Mcu.Pin124=VP_STMicroelectronics.X-CUBE-AZRTOS-H7_VS_NetworkJjNetXDuo_6.4.0_3.4.0
Mcu.Pin125=VP_STMicroelectronics.X-CUBE-AZRTOS-H7_VS_NetworkJjInterfaces_3.4.0_3.4.0
Mcu.Pin126=VP_STMicroelectronics.X-CUBE-AZRTOS-H7_VS_BoardOoPartJjSTM32CubeIiBSPIiComponents_3.4.0_3.4.0
Mcu.Pin13=PB4 (NJTRST)
Mcu.Pin14=PG11
Mcu.Pin15=PD6
Mcu.Pin16=PC11
Mcu.Pin17=PA14 (JTCK/SWCLK)
Mcu.Pin18=PI2
Mcu.Pin19=PH15
Mcu.Pin2=PI4
Mcu.Pin20=PH14
Mcu.Pin21=PC15-OSC32_OUT (OSC32_OUT)
Mcu.Pin22=PC14-OSC32_IN (OSC32_IN)
Mcu.Pin23=PE0
Mcu.Pin24=PB7
Mcu.Pin25=PB3 (JTDO/TRACESWO)
Mcu.Pin26=PD7
Mcu.Pin27=PC12
Mcu.Pin28=PI3
Mcu.Pin29=PA13 (JTMS/SWDIO)
Mcu.Pin3=PB5
Mcu.Pin30=PE3
Mcu.Pin31=PB9
Mcu.Pin32=PB8
Mcu.Pin33=PG15
Mcu.Pin34=PG14
Mcu.Pin35=PD2
Mcu.Pin36=PD0
Mcu.Pin37=PA9
Mcu.Pin38=PH13
Mcu.Pin39=PI9
Mcu.Pin4=PG10
Mcu.Pin40=PC13
Mcu.Pin41=PD1
Mcu.Pin42=PC8
Mcu.Pin43=PC9
Mcu.Pin44=PA8
Mcu.Pin45=PA12
Mcu.Pin46=PA11
Mcu.Pin47=PI10
Mcu.Pin48=PC7
Mcu.Pin49=PG8
Mcu.Pin5=PG9
Mcu.Pin50=PF2
Mcu.Pin51=PF1
Mcu.Pin52=PF0
Mcu.Pin53=PG5
Mcu.Pin54=PF3
Mcu.Pin55=PG4
Mcu.Pin56=PF5
Mcu.Pin57=PF4
Mcu.Pin58=PF7
Mcu.Pin59=PC0
Mcu.Pin6=PC10
Mcu.Pin60=PC1
Mcu.Pin61=PC2
Mcu.Pin62=PJ9
Mcu.Pin63=PH2
Mcu.Pin64=PA2
Mcu.Pin65=PE10
Mcu.Pin66=PJ8
Mcu.Pin67=PH3
Mcu.Pin68=PH4
Mcu.Pin69=PH5
Mcu.Pin7=PA15 (JTDI)
Mcu.Pin70=PF13
Mcu.Pin71=PF14
Mcu.Pin72=PE9
Mcu.Pin73=PE11
Mcu.Pin74=PH10
Mcu.Pin75=PH11
Mcu.Pin76=PD15
Mcu.Pin77=PD14
Mcu.Pin78=PA6
Mcu.Pin79=PA7
Mcu.Pin8=PI1
Mcu.Pin80=PF12
Mcu.Pin81=PF15
Mcu.Pin82=PE12
Mcu.Pin83=PE15
Mcu.Pin84=PH9
Mcu.Pin85=PH12
Mcu.Pin86=PA5
Mcu.Pin87=PC4
Mcu.Pin88=PB1
Mcu.Pin89=PF11
Mcu.Pin9=PI0
Mcu.Pin90=PG0
Mcu.Pin91=PE8
Mcu.Pin92=PE13
Mcu.Pin93=PH6
Mcu.Pin94=PH8
Mcu.Pin95=PB12
Mcu.Pin96=PB15
Mcu.Pin97=PD10
Mcu.Pin98=PD9
Mcu.Pin99=PA4
Mcu.PinsNb=127
Mcu.ThirdParty0=STMicroelectronics.X-CUBE-AZRTOS-H7.3.4.0
Mcu.ThirdPartyNb=1
Mcu.UserConstants=
Mcu.UserName=STM32H750XBHx
Mdma.MDMA_Channel0.Request0=SDMMC1_END_DATA
Mdma.MDMA_Channel0.RequestsNb=1
Mdma.MDMA_Channel0.SDMMC1_END_DATA.0.BlockCount=0
Mdma.MDMA_Channel0.SDMMC1_END_DATA.0.BlockDataLength=0
Mdma.MDMA_Channel0.SDMMC1_END_DATA.0.BufferTransferLength=128
Mdma.MDMA_Channel0.SDMMC1_END_DATA.0.CircularMode=MDMA_LINEAR_LIST
Mdma.MDMA_Channel0.SDMMC1_END_DATA.0.DataAlignment=MDMA_DATAALIGN_PACKENABLE
Mdma.MDMA_Channel0.SDMMC1_END_DATA.0.DestBlockAddressOffset=0
Mdma.MDMA_Channel0.SDMMC1_END_DATA.0.DestBurst=MDMA_DEST_BURST_SINGLE
Mdma.MDMA_Channel0.SDMMC1_END_DATA.0.DestDataSize=MDMA_DEST_DATASIZE_BYTE
Mdma.MDMA_Channel0.SDMMC1_END_DATA.0.DestinationInc=MDMA_DEST_INC_BYTE
Mdma.MDMA_Channel0.SDMMC1_END_DATA.0.DstAddress=0
Mdma.MDMA_Channel0.SDMMC1_END_DATA.0.Endianness=MDMA_LITTLE_ENDIANNESS_PRESERVE
Mdma.MDMA_Channel0.SDMMC1_END_DATA.0.Instance=MDMA_Channel0
Mdma.MDMA_Channel0.SDMMC1_END_DATA.0.MaskAddress=0
Mdma.MDMA_Channel0.SDMMC1_END_DATA.0.MaskData=0
Mdma.MDMA_Channel0.SDMMC1_END_DATA.0.Priority=MDMA_PRIORITY_HIGH
Mdma.MDMA_Channel0.SDMMC1_END_DATA.0.Rank=First
Mdma.MDMA_Channel0.SDMMC1_END_DATA.0.RequestParameters=Instance,CircularMode,TransferTriggerMode,Priority,Endianness,SourceInc,DestinationInc,SourceDataSize,DestDataSize,DataAlignment,BufferTransferLength,SourceBurst,DestBurst,SourceBlockAddressOffset,DestBlockAddressOffset,MaskAddress,MaskData,SrcAddress,DstAddress,BlockDataLength,BlockCount,Rank
Mdma.MDMA_Channel0.SDMMC1_END_DATA.0.SourceBlockAddressOffset=0
Mdma.MDMA_Channel0.SDMMC1_END_DATA.0.SourceBurst=MDMA_SOURCE_BURST_SINGLE
Mdma.MDMA_Channel0.SDMMC1_END_DATA.0.SourceDataSize=MDMA_SRC_DATASIZE_BYTE
Mdma.MDMA_Channel0.SDMMC1_END_DATA.0.SourceInc=MDMA_SRC_INC_BYTE
Mdma.MDMA_Channel0.SDMMC1_END_DATA.0.SrcAddress=0
Mdma.MDMA_Channel0.SDMMC1_END_DATA.0.TransferTriggerMode=MDMA_BLOCK_TRANSFER
Mdma.MDMA_Channel1.DMA1_Stream4_TC.0.BlockCount=0
Mdma.MDMA_Channel1.DMA1_Stream4_TC.0.BlockDataLength=0
Mdma.MDMA_Channel1.DMA1_Stream4_TC.0.BufferTransferLength=128
Mdma.MDMA_Channel1.DMA1_Stream4_TC.0.CircularMode=MDMA_LINEAR_LIST
Mdma.MDMA_Channel1.DMA1_Stream4_TC.0.DataAlignment=MDMA_DATAALIGN_PACKENABLE
Mdma.MDMA_Channel1.DMA1_Stream4_TC.0.DestBlockAddressOffset=0
Mdma.MDMA_Channel1.DMA1_Stream4_TC.0.DestBurst=MDMA_DEST_BURST_SINGLE
Mdma.MDMA_Channel1.DMA1_Stream4_TC.0.DestDataSize=MDMA_DEST_DATASIZE_BYTE
Mdma.MDMA_Channel1.DMA1_Stream4_TC.0.DestinationInc=MDMA_DEST_INC_BYTE
Mdma.MDMA_Channel1.DMA1_Stream4_TC.0.DstAddress=0
Mdma.MDMA_Channel1.DMA1_Stream4_TC.0.Endianness=MDMA_LITTLE_ENDIANNESS_PRESERVE
Mdma.MDMA_Channel1.DMA1_Stream4_TC.0.Instance=MDMA_Channel1
Mdma.MDMA_Channel1.DMA1_Stream4_TC.0.MaskAddress=0
Mdma.MDMA_Channel1.DMA1_Stream4_TC.0.MaskData=0
Mdma.MDMA_Channel1.DMA1_Stream4_TC.0.Priority=MDMA_PRIORITY_VERY_HIGH
Mdma.MDMA_Channel1.DMA1_Stream4_TC.0.Rank=First
Mdma.MDMA_Channel1.DMA1_Stream4_TC.0.RequestParameters=Instance,CircularMode,TransferTriggerMode,Priority,Endianness,SourceInc,DestinationInc,SourceDataSize,DestDataSize,DataAlignment,BufferTransferLength,SourceBurst,DestBurst,SourceBlockAddressOffset,DestBlockAddressOffset,MaskAddress,MaskData,SrcAddress,DstAddress,BlockDataLength,BlockCount,Rank
Mdma.MDMA_Channel1.DMA1_Stream4_TC.0.SourceBlockAddressOffset=0
Mdma.MDMA_Channel1.DMA1_Stream4_TC.0.SourceBurst=MDMA_SOURCE_BURST_SINGLE
Mdma.MDMA_Channel1.DMA1_Stream4_TC.0.SourceDataSize=MDMA_SRC_DATASIZE_BYTE
Mdma.MDMA_Channel1.DMA1_Stream4_TC.0.SourceInc=MDMA_SRC_INC_BYTE
Mdma.MDMA_Channel1.DMA1_Stream4_TC.0.SrcAddress=0
Mdma.MDMA_Channel1.DMA1_Stream4_TC.0.TransferTriggerMode=MDMA_BLOCK_TRANSFER
Mdma.MDMA_Channel1.Request0=DMA1_Stream4_TC
Mdma.MDMA_Channel1.RequestsNb=1
Mdma.MDMA_Channel10.DMA1_Stream7_TC.0.BlockCount=0
Mdma.MDMA_Channel10.DMA1_Stream7_TC.0.BlockDataLength=0
Mdma.MDMA_Channel10.DMA1_Stream7_TC.0.BufferTransferLength=128
Mdma.MDMA_Channel10.DMA1_Stream7_TC.0.CircularMode=MDMA_LINEAR_LIST
Mdma.MDMA_Channel10.DMA1_Stream7_TC.0.DataAlignment=MDMA_DATAALIGN_PACKENABLE
Mdma.MDMA_Channel10.DMA1_Stream7_TC.0.DestBlockAddressOffset=0
Mdma.MDMA_Channel10.DMA1_Stream7_TC.0.DestBurst=MDMA_DEST_BURST_SINGLE
Mdma.MDMA_Channel10.DMA1_Stream7_TC.0.DestDataSize=MDMA_DEST_DATASIZE_BYTE
Mdma.MDMA_Channel10.DMA1_Stream7_TC.0.DestinationInc=MDMA_DEST_INC_BYTE
Mdma.MDMA_Channel10.DMA1_Stream7_TC.0.DstAddress=0
Mdma.MDMA_Channel10.DMA1_Stream7_TC.0.Endianness=MDMA_LITTLE_ENDIANNESS_PRESERVE
Mdma.MDMA_Channel10.DMA1_Stream7_TC.0.Instance=MDMA_Channel10
Mdma.MDMA_Channel10.DMA1_Stream7_TC.0.MaskAddress=0
Mdma.MDMA_Channel10.DMA1_Stream7_TC.0.MaskData=0
Mdma.MDMA_Channel10.DMA1_Stream7_TC.0.Priority=MDMA_PRIORITY_LOW
Mdma.MDMA_Channel10.DMA1_Stream7_TC.0.Rank=First
Mdma.MDMA_Channel10.DMA1_Stream7_TC.0.RequestParameters=Instance,CircularMode,TransferTriggerMode,Priority,Endianness,SourceInc,DestinationInc,SourceDataSize,DestDataSize,DataAlignment,BufferTransferLength,SourceBurst,DestBurst,SourceBlockAddressOffset,DestBlockAddressOffset,MaskAddress,MaskData,SrcAddress,DstAddress,BlockDataLength,BlockCount,Rank
Mdma.MDMA_Channel10.DMA1_Stream7_TC.0.SourceBlockAddressOffset=0
Mdma.MDMA_Channel10.DMA1_Stream7_TC.0.SourceBurst=MDMA_SOURCE_BURST_SINGLE
Mdma.MDMA_Channel10.DMA1_Stream7_TC.0.SourceDataSize=MDMA_SRC_DATASIZE_BYTE
Mdma.MDMA_Channel10.DMA1_Stream7_TC.0.SourceInc=MDMA_SRC_INC_BYTE
Mdma.MDMA_Channel10.DMA1_Stream7_TC.0.SrcAddress=0
Mdma.MDMA_Channel10.DMA1_Stream7_TC.0.TransferTriggerMode=MDMA_BLOCK_TRANSFER
Mdma.MDMA_Channel10.Request0=DMA1_Stream7_TC
Mdma.MDMA_Channel10.RequestsNb=1
Mdma.MDMA_Channel11.DMA2_Stream0_TC.0.BlockCount=0
Mdma.MDMA_Channel11.DMA2_Stream0_TC.0.BlockDataLength=0
Mdma.MDMA_Channel11.DMA2_Stream0_TC.0.BufferTransferLength=128
Mdma.MDMA_Channel11.DMA2_Stream0_TC.0.CircularMode=MDMA_LINEAR_LIST
Mdma.MDMA_Channel11.DMA2_Stream0_TC.0.DataAlignment=MDMA_DATAALIGN_PACKENABLE
Mdma.MDMA_Channel11.DMA2_Stream0_TC.0.DestBlockAddressOffset=0
Mdma.MDMA_Channel11.DMA2_Stream0_TC.0.DestBurst=MDMA_DEST_BURST_SINGLE
Mdma.MDMA_Channel11.DMA2_Stream0_TC.0.DestDataSize=MDMA_DEST_DATASIZE_BYTE
Mdma.MDMA_Channel11.DMA2_Stream0_TC.0.DestinationInc=MDMA_DEST_INC_BYTE
Mdma.MDMA_Channel11.DMA2_Stream0_TC.0.DstAddress=0
Mdma.MDMA_Channel11.DMA2_Stream0_TC.0.Endianness=MDMA_LITTLE_ENDIANNESS_PRESERVE
Mdma.MDMA_Channel11.DMA2_Stream0_TC.0.Instance=MDMA_Channel11
Mdma.MDMA_Channel11.DMA2_Stream0_TC.0.MaskAddress=0
Mdma.MDMA_Channel11.DMA2_Stream0_TC.0.MaskData=0
Mdma.MDMA_Channel11.DMA2_Stream0_TC.0.Priority=MDMA_PRIORITY_LOW
Mdma.MDMA_Channel11.DMA2_Stream0_TC.0.Rank=First
Mdma.MDMA_Channel11.DMA2_Stream0_TC.0.RequestParameters=Instance,CircularMode,TransferTriggerMode,Priority,Endianness,SourceInc,DestinationInc,SourceDataSize,DestDataSize,DataAlignment,BufferTransferLength,SourceBurst,DestBurst,SourceBlockAddressOffset,DestBlockAddressOffset,MaskAddress,MaskData,SrcAddress,DstAddress,BlockDataLength,BlockCount,Rank
Mdma.MDMA_Channel11.DMA2_Stream0_TC.0.SourceBlockAddressOffset=0
Mdma.MDMA_Channel11.DMA2_Stream0_TC.0.SourceBurst=MDMA_SOURCE_BURST_SINGLE
Mdma.MDMA_Channel11.DMA2_Stream0_TC.0.SourceDataSize=MDMA_SRC_DATASIZE_BYTE
Mdma.MDMA_Channel11.DMA2_Stream0_TC.0.SourceInc=MDMA_SRC_INC_BYTE
Mdma.MDMA_Channel11.DMA2_Stream0_TC.0.SrcAddress=0
Mdma.MDMA_Channel11.DMA2_Stream0_TC.0.TransferTriggerMode=MDMA_BLOCK_TRANSFER
Mdma.MDMA_Channel11.Request0=DMA2_Stream0_TC
Mdma.MDMA_Channel11.RequestsNb=1
Mdma.MDMA_Channel12.DMA2_Stream2_TC.0.BlockCount=0
Mdma.MDMA_Channel12.DMA2_Stream2_TC.0.BlockDataLength=0
Mdma.MDMA_Channel12.DMA2_Stream2_TC.0.BufferTransferLength=128
Mdma.MDMA_Channel12.DMA2_Stream2_TC.0.CircularMode=MDMA_LINEAR_LIST
Mdma.MDMA_Channel12.DMA2_Stream2_TC.0.DataAlignment=MDMA_DATAALIGN_PACKENABLE
Mdma.MDMA_Channel12.DMA2_Stream2_TC.0.DestBlockAddressOffset=0
Mdma.MDMA_Channel12.DMA2_Stream2_TC.0.DestBurst=MDMA_DEST_BURST_SINGLE
Mdma.MDMA_Channel12.DMA2_Stream2_TC.0.DestDataSize=MDMA_DEST_DATASIZE_BYTE
Mdma.MDMA_Channel12.DMA2_Stream2_TC.0.DestinationInc=MDMA_DEST_INC_BYTE
Mdma.MDMA_Channel12.DMA2_Stream2_TC.0.DstAddress=0
Mdma.MDMA_Channel12.DMA2_Stream2_TC.0.Endianness=MDMA_LITTLE_ENDIANNESS_PRESERVE
Mdma.MDMA_Channel12.DMA2_Stream2_TC.0.Instance=MDMA_Channel12
Mdma.MDMA_Channel12.DMA2_Stream2_TC.0.MaskAddress=0
Mdma.MDMA_Channel12.DMA2_Stream2_TC.0.MaskData=0
Mdma.MDMA_Channel12.DMA2_Stream2_TC.0.Priority=MDMA_PRIORITY_LOW
Mdma.MDMA_Channel12.DMA2_Stream2_TC.0.Rank=First
Mdma.MDMA_Channel12.DMA2_Stream2_TC.0.RequestParameters=Instance,CircularMode,TransferTriggerMode,Priority,Endianness,SourceInc,DestinationInc,SourceDataSize,DestDataSize,DataAlignment,BufferTransferLength,SourceBurst,DestBurst,SourceBlockAddressOffset,DestBlockAddressOffset,MaskAddress,MaskData,SrcAddress,DstAddress,BlockDataLength,BlockCount,Rank
Mdma.MDMA_Channel12.DMA2_Stream2_TC.0.SourceBlockAddressOffset=0
Mdma.MDMA_Channel12.DMA2_Stream2_TC.0.SourceBurst=MDMA_SOURCE_BURST_SINGLE
Mdma.MDMA_Channel12.DMA2_Stream2_TC.0.SourceDataSize=MDMA_SRC_DATASIZE_BYTE
Mdma.MDMA_Channel12.DMA2_Stream2_TC.0.SourceInc=MDMA_SRC_INC_BYTE
Mdma.MDMA_Channel12.DMA2_Stream2_TC.0.SrcAddress=0
Mdma.MDMA_Channel12.DMA2_Stream2_TC.0.TransferTriggerMode=MDMA_BLOCK_TRANSFER
Mdma.MDMA_Channel12.Request0=DMA2_Stream2_TC
Mdma.MDMA_Channel12.RequestsNb=1
Mdma.MDMA_Channel13.DMA2_Stream3_TC.0.BlockCount=0
Mdma.MDMA_Channel13.DMA2_Stream3_TC.0.BlockDataLength=0
Mdma.MDMA_Channel13.DMA2_Stream3_TC.0.BufferTransferLength=32
Mdma.MDMA_Channel13.DMA2_Stream3_TC.0.CircularMode=MDMA_LINEAR_LIST
Mdma.MDMA_Channel13.DMA2_Stream3_TC.0.DataAlignment=MDMA_DATAALIGN_PACKENABLE
Mdma.MDMA_Channel13.DMA2_Stream3_TC.0.DestBlockAddressOffset=0
Mdma.MDMA_Channel13.DMA2_Stream3_TC.0.DestBurst=MDMA_DEST_BURST_SINGLE
Mdma.MDMA_Channel13.DMA2_Stream3_TC.0.DestDataSize=MDMA_DEST_DATASIZE_BYTE
Mdma.MDMA_Channel13.DMA2_Stream3_TC.0.DestinationInc=MDMA_DEST_INC_BYTE
Mdma.MDMA_Channel13.DMA2_Stream3_TC.0.DstAddress=0
Mdma.MDMA_Channel13.DMA2_Stream3_TC.0.Endianness=MDMA_LITTLE_ENDIANNESS_PRESERVE
Mdma.MDMA_Channel13.DMA2_Stream3_TC.0.Instance=MDMA_Channel13
Mdma.MDMA_Channel13.DMA2_Stream3_TC.0.MaskAddress=0
Mdma.MDMA_Channel13.DMA2_Stream3_TC.0.MaskData=0
Mdma.MDMA_Channel13.DMA2_Stream3_TC.0.Priority=MDMA_PRIORITY_LOW
Mdma.MDMA_Channel13.DMA2_Stream3_TC.0.Rank=First
Mdma.MDMA_Channel13.DMA2_Stream3_TC.0.RequestParameters=Instance,CircularMode,TransferTriggerMode,Priority,Endianness,SourceInc,DestinationInc,SourceDataSize,DestDataSize,DataAlignment,BufferTransferLength,SourceBurst,DestBurst,SourceBlockAddressOffset,DestBlockAddressOffset,MaskAddress,MaskData,SrcAddress,DstAddress,BlockDataLength,BlockCount,Rank
Mdma.MDMA_Channel13.DMA2_Stream3_TC.0.SourceBlockAddressOffset=0
Mdma.MDMA_Channel13.DMA2_Stream3_TC.0.SourceBurst=MDMA_SOURCE_BURST_SINGLE
Mdma.MDMA_Channel13.DMA2_Stream3_TC.0.SourceDataSize=MDMA_SRC_DATASIZE_BYTE
Mdma.MDMA_Channel13.DMA2_Stream3_TC.0.SourceInc=MDMA_SRC_INC_BYTE
Mdma.MDMA_Channel13.DMA2_Stream3_TC.0.SrcAddress=0
Mdma.MDMA_Channel13.DMA2_Stream3_TC.0.TransferTriggerMode=MDMA_BLOCK_TRANSFER
Mdma.MDMA_Channel13.Request0=DMA2_Stream3_TC
Mdma.MDMA_Channel13.RequestsNb=1
Mdma.MDMA_Channel14.DMA2_Stream7_TC.0.BlockCount=0
Mdma.MDMA_Channel14.DMA2_Stream7_TC.0.BlockDataLength=0
Mdma.MDMA_Channel14.DMA2_Stream7_TC.0.BufferTransferLength=32
Mdma.MDMA_Channel14.DMA2_Stream7_TC.0.CircularMode=MDMA_LINEAR_LIST
Mdma.MDMA_Channel14.DMA2_Stream7_TC.0.DataAlignment=MDMA_DATAALIGN_PACKENABLE
Mdma.MDMA_Channel14.DMA2_Stream7_TC.0.DestBlockAddressOffset=0
Mdma.MDMA_Channel14.DMA2_Stream7_TC.0.DestBurst=MDMA_DEST_BURST_SINGLE
Mdma.MDMA_Channel14.DMA2_Stream7_TC.0.DestDataSize=MDMA_DEST_DATASIZE_BYTE
Mdma.MDMA_Channel14.DMA2_Stream7_TC.0.DestinationInc=MDMA_DEST_INC_BYTE
Mdma.MDMA_Channel14.DMA2_Stream7_TC.0.DstAddress=0
Mdma.MDMA_Channel14.DMA2_Stream7_TC.0.Endianness=MDMA_LITTLE_ENDIANNESS_PRESERVE
Mdma.MDMA_Channel14.DMA2_Stream7_TC.0.Instance=MDMA_Channel14
Mdma.MDMA_Channel14.DMA2_Stream7_TC.0.MaskAddress=0
Mdma.MDMA_Channel14.DMA2_Stream7_TC.0.MaskData=0
Mdma.MDMA_Channel14.DMA2_Stream7_TC.0.Priority=MDMA_PRIORITY_LOW
Mdma.MDMA_Channel14.DMA2_Stream7_TC.0.Rank=First
Mdma.MDMA_Channel14.DMA2_Stream7_TC.0.RequestParameters=Instance,CircularMode,TransferTriggerMode,Priority,Endianness,SourceInc,DestinationInc,SourceDataSize,DestDataSize,DataAlignment,BufferTransferLength,SourceBurst,DestBurst,SourceBlockAddressOffset,DestBlockAddressOffset,MaskAddress,MaskData,SrcAddress,DstAddress,BlockDataLength,BlockCount,Rank
Mdma.MDMA_Channel14.DMA2_Stream7_TC.0.SourceBlockAddressOffset=0
Mdma.MDMA_Channel14.DMA2_Stream7_TC.0.SourceBurst=MDMA_SOURCE_BURST_SINGLE
Mdma.MDMA_Channel14.DMA2_Stream7_TC.0.SourceDataSize=MDMA_SRC_DATASIZE_BYTE
Mdma.MDMA_Channel14.DMA2_Stream7_TC.0.SourceInc=MDMA_SRC_INC_BYTE
Mdma.MDMA_Channel14.DMA2_Stream7_TC.0.SrcAddress=0
Mdma.MDMA_Channel14.DMA2_Stream7_TC.0.TransferTriggerMode=MDMA_BLOCK_TRANSFER
Mdma.MDMA_Channel14.Request0=DMA2_Stream7_TC
Mdma.MDMA_Channel14.RequestsNb=1
Mdma.MDMA_Channel15.DMA2_Stream5_TC.0.BlockCount=0
Mdma.MDMA_Channel15.DMA2_Stream5_TC.0.BlockDataLength=0
Mdma.MDMA_Channel15.DMA2_Stream5_TC.0.BufferTransferLength=128
Mdma.MDMA_Channel15.DMA2_Stream5_TC.0.CircularMode=MDMA_LINEAR_LIST
Mdma.MDMA_Channel15.DMA2_Stream5_TC.0.DataAlignment=MDMA_DATAALIGN_PACKENABLE
Mdma.MDMA_Channel15.DMA2_Stream5_TC.0.DestBlockAddressOffset=0
Mdma.MDMA_Channel15.DMA2_Stream5_TC.0.DestBurst=MDMA_DEST_BURST_SINGLE
Mdma.MDMA_Channel15.DMA2_Stream5_TC.0.DestDataSize=MDMA_DEST_DATASIZE_BYTE
Mdma.MDMA_Channel15.DMA2_Stream5_TC.0.DestinationInc=MDMA_DEST_INC_BYTE
Mdma.MDMA_Channel15.DMA2_Stream5_TC.0.DstAddress=0
Mdma.MDMA_Channel15.DMA2_Stream5_TC.0.Endianness=MDMA_LITTLE_ENDIANNESS_PRESERVE
Mdma.MDMA_Channel15.DMA2_Stream5_TC.0.Instance=MDMA_Channel15
Mdma.MDMA_Channel15.DMA2_Stream5_TC.0.MaskAddress=0
Mdma.MDMA_Channel15.DMA2_Stream5_TC.0.MaskData=0
Mdma.MDMA_Channel15.DMA2_Stream5_TC.0.Priority=MDMA_PRIORITY_MEDIUM
Mdma.MDMA_Channel15.DMA2_Stream5_TC.0.Rank=First
Mdma.MDMA_Channel15.DMA2_Stream5_TC.0.RequestParameters=Instance,CircularMode,TransferTriggerMode,Priority,Endianness,SourceInc,DestinationInc,SourceDataSize,DestDataSize,DataAlignment,BufferTransferLength,SourceBurst,DestBurst,SourceBlockAddressOffset,DestBlockAddressOffset,MaskAddress,MaskData,SrcAddress,DstAddress,BlockDataLength,BlockCount,Rank
Mdma.MDMA_Channel15.DMA2_Stream5_TC.0.SourceBlockAddressOffset=0
Mdma.MDMA_Channel15.DMA2_Stream5_TC.0.SourceBurst=MDMA_SOURCE_BURST_SINGLE
Mdma.MDMA_Channel15.DMA2_Stream5_TC.0.SourceDataSize=MDMA_SRC_DATASIZE_BYTE
Mdma.MDMA_Channel15.DMA2_Stream5_TC.0.SourceInc=MDMA_SRC_INC_BYTE
Mdma.MDMA_Channel15.DMA2_Stream5_TC.0.SrcAddress=0
Mdma.MDMA_Channel15.DMA2_Stream5_TC.0.TransferTriggerMode=MDMA_BLOCK_TRANSFER
Mdma.MDMA_Channel15.Request0=DMA2_Stream5_TC
Mdma.MDMA_Channel15.RequestsNb=1
Mdma.MDMA_Channel2.DMA1_Stream5_TC.0.BlockCount=0
Mdma.MDMA_Channel2.DMA1_Stream5_TC.0.BlockDataLength=0
Mdma.MDMA_Channel2.DMA1_Stream5_TC.0.BufferTransferLength=128
Mdma.MDMA_Channel2.DMA1_Stream5_TC.0.CircularMode=MDMA_LINEAR_LIST
Mdma.MDMA_Channel2.DMA1_Stream5_TC.0.DataAlignment=MDMA_DATAALIGN_PACKENABLE
Mdma.MDMA_Channel2.DMA1_Stream5_TC.0.DestBlockAddressOffset=0
Mdma.MDMA_Channel2.DMA1_Stream5_TC.0.DestBurst=MDMA_DEST_BURST_SINGLE
Mdma.MDMA_Channel2.DMA1_Stream5_TC.0.DestDataSize=MDMA_DEST_DATASIZE_BYTE
Mdma.MDMA_Channel2.DMA1_Stream5_TC.0.DestinationInc=MDMA_DEST_INC_BYTE
Mdma.MDMA_Channel2.DMA1_Stream5_TC.0.DstAddress=0
Mdma.MDMA_Channel2.DMA1_Stream5_TC.0.Endianness=MDMA_LITTLE_ENDIANNESS_PRESERVE
Mdma.MDMA_Channel2.DMA1_Stream5_TC.0.Instance=MDMA_Channel2
Mdma.MDMA_Channel2.DMA1_Stream5_TC.0.MaskAddress=0
Mdma.MDMA_Channel2.DMA1_Stream5_TC.0.MaskData=0
Mdma.MDMA_Channel2.DMA1_Stream5_TC.0.Priority=MDMA_PRIORITY_HIGH
Mdma.MDMA_Channel2.DMA1_Stream5_TC.0.Rank=First
Mdma.MDMA_Channel2.DMA1_Stream5_TC.0.RequestParameters=Instance,CircularMode,TransferTriggerMode,Priority,Endianness,SourceInc,DestinationInc,SourceDataSize,DestDataSize,DataAlignment,BufferTransferLength,SourceBurst,DestBurst,SourceBlockAddressOffset,DestBlockAddressOffset,MaskAddress,MaskData,SrcAddress,DstAddress,BlockDataLength,BlockCount,Rank
Mdma.MDMA_Channel2.DMA1_Stream5_TC.0.SourceBlockAddressOffset=0
Mdma.MDMA_Channel2.DMA1_Stream5_TC.0.SourceBurst=MDMA_SOURCE_BURST_SINGLE
Mdma.MDMA_Channel2.DMA1_Stream5_TC.0.SourceDataSize=MDMA_SRC_DATASIZE_BYTE
Mdma.MDMA_Channel2.DMA1_Stream5_TC.0.SourceInc=MDMA_SRC_INC_BYTE
Mdma.MDMA_Channel2.DMA1_Stream5_TC.0.SrcAddress=0
Mdma.MDMA_Channel2.DMA1_Stream5_TC.0.TransferTriggerMode=MDMA_BLOCK_TRANSFER
Mdma.MDMA_Channel2.Request0=DMA1_Stream5_TC
Mdma.MDMA_Channel2.RequestsNb=1
Mdma.MDMA_Channel3.DMA1_Stream0_TC.0.BlockCount=0
Mdma.MDMA_Channel3.DMA1_Stream0_TC.0.BlockDataLength=0
Mdma.MDMA_Channel3.DMA1_Stream0_TC.0.BufferTransferLength=128
Mdma.MDMA_Channel3.DMA1_Stream0_TC.0.CircularMode=MDMA_LINEAR_LIST
Mdma.MDMA_Channel3.DMA1_Stream0_TC.0.DataAlignment=MDMA_DATAALIGN_PACKENABLE
Mdma.MDMA_Channel3.DMA1_Stream0_TC.0.DestBlockAddressOffset=0
Mdma.MDMA_Channel3.DMA1_Stream0_TC.0.DestBurst=MDMA_DEST_BURST_SINGLE
Mdma.MDMA_Channel3.DMA1_Stream0_TC.0.DestDataSize=MDMA_DEST_DATASIZE_BYTE
Mdma.MDMA_Channel3.DMA1_Stream0_TC.0.DestinationInc=MDMA_DEST_INC_BYTE
Mdma.MDMA_Channel3.DMA1_Stream0_TC.0.DstAddress=0
Mdma.MDMA_Channel3.DMA1_Stream0_TC.0.Endianness=MDMA_LITTLE_ENDIANNESS_PRESERVE
Mdma.MDMA_Channel3.DMA1_Stream0_TC.0.Instance=MDMA_Channel3
Mdma.MDMA_Channel3.DMA1_Stream0_TC.0.MaskAddress=0
Mdma.MDMA_Channel3.DMA1_Stream0_TC.0.MaskData=0
Mdma.MDMA_Channel3.DMA1_Stream0_TC.0.Priority=MDMA_PRIORITY_LOW
Mdma.MDMA_Channel3.DMA1_Stream0_TC.0.Rank=First
Mdma.MDMA_Channel3.DMA1_Stream0_TC.0.RequestParameters=Instance,CircularMode,TransferTriggerMode,Priority,Endianness,SourceInc,DestinationInc,SourceDataSize,DestDataSize,DataAlignment,BufferTransferLength,SourceBurst,DestBurst,SourceBlockAddressOffset,DestBlockAddressOffset,MaskAddress,MaskData,SrcAddress,DstAddress,BlockDataLength,BlockCount,Rank
Mdma.MDMA_Channel3.DMA1_Stream0_TC.0.SourceBlockAddressOffset=0
Mdma.MDMA_Channel3.DMA1_Stream0_TC.0.SourceBurst=MDMA_SOURCE_BURST_SINGLE
Mdma.MDMA_Channel3.DMA1_Stream0_TC.0.SourceDataSize=MDMA_SRC_DATASIZE_BYTE
Mdma.MDMA_Channel3.DMA1_Stream0_TC.0.SourceInc=MDMA_SRC_INC_BYTE
Mdma.MDMA_Channel3.DMA1_Stream0_TC.0.SrcAddress=0
Mdma.MDMA_Channel3.DMA1_Stream0_TC.0.TransferTriggerMode=MDMA_BLOCK_TRANSFER
Mdma.MDMA_Channel3.Request0=DMA1_Stream0_TC
Mdma.MDMA_Channel3.RequestsNb=1
Mdma.MDMA_Channel4.DMA1_Stream1_TC.0.BlockCount=0
Mdma.MDMA_Channel4.DMA1_Stream1_TC.0.BlockDataLength=0
Mdma.MDMA_Channel4.DMA1_Stream1_TC.0.BufferTransferLength=128
Mdma.MDMA_Channel4.DMA1_Stream1_TC.0.CircularMode=MDMA_LINEAR_LIST
Mdma.MDMA_Channel4.DMA1_Stream1_TC.0.DataAlignment=MDMA_DATAALIGN_PACKENABLE
Mdma.MDMA_Channel4.DMA1_Stream1_TC.0.DestBlockAddressOffset=0
Mdma.MDMA_Channel4.DMA1_Stream1_TC.0.DestBurst=MDMA_DEST_BURST_SINGLE
Mdma.MDMA_Channel4.DMA1_Stream1_TC.0.DestDataSize=MDMA_DEST_DATASIZE_BYTE
Mdma.MDMA_Channel4.DMA1_Stream1_TC.0.DestinationInc=MDMA_DEST_INC_BYTE
Mdma.MDMA_Channel4.DMA1_Stream1_TC.0.DstAddress=0
Mdma.MDMA_Channel4.DMA1_Stream1_TC.0.Endianness=MDMA_LITTLE_ENDIANNESS_PRESERVE
Mdma.MDMA_Channel4.DMA1_Stream1_TC.0.Instance=MDMA_Channel4
Mdma.MDMA_Channel4.DMA1_Stream1_TC.0.MaskAddress=0
Mdma.MDMA_Channel4.DMA1_Stream1_TC.0.MaskData=0
Mdma.MDMA_Channel4.DMA1_Stream1_TC.0.Priority=MDMA_PRIORITY_LOW
Mdma.MDMA_Channel4.DMA1_Stream1_TC.0.Rank=First
Mdma.MDMA_Channel4.DMA1_Stream1_TC.0.RequestParameters=Instance,CircularMode,TransferTriggerMode,Priority,Endianness,SourceInc,DestinationInc,SourceDataSize,DestDataSize,DataAlignment,BufferTransferLength,SourceBurst,DestBurst,SourceBlockAddressOffset,DestBlockAddressOffset,MaskAddress,MaskData,SrcAddress,DstAddress,BlockDataLength,BlockCount,Rank
Mdma.MDMA_Channel4.DMA1_Stream1_TC.0.SourceBlockAddressOffset=0
Mdma.MDMA_Channel4.DMA1_Stream1_TC.0.SourceBurst=MDMA_SOURCE_BURST_SINGLE
Mdma.MDMA_Channel4.DMA1_Stream1_TC.0.SourceDataSize=MDMA_SRC_DATASIZE_BYTE
Mdma.MDMA_Channel4.DMA1_Stream1_TC.0.SourceInc=MDMA_SRC_INC_BYTE
Mdma.MDMA_Channel4.DMA1_Stream1_TC.0.SrcAddress=0
Mdma.MDMA_Channel4.DMA1_Stream1_TC.0.TransferTriggerMode=MDMA_BLOCK_TRANSFER
Mdma.MDMA_Channel4.Request0=DMA1_Stream1_TC
Mdma.MDMA_Channel4.RequestsNb=1
Mdma.MDMA_Channel5.DMA1_Stream2_TC.0.BlockCount=0
Mdma.MDMA_Channel5.DMA1_Stream2_TC.0.BlockDataLength=0
Mdma.MDMA_Channel5.DMA1_Stream2_TC.0.BufferTransferLength=128
Mdma.MDMA_Channel5.DMA1_Stream2_TC.0.CircularMode=MDMA_LINEAR_LIST
Mdma.MDMA_Channel5.DMA1_Stream2_TC.0.DataAlignment=MDMA_DATAALIGN_PACKENABLE
Mdma.MDMA_Channel5.DMA1_Stream2_TC.0.DestBlockAddressOffset=0
Mdma.MDMA_Channel5.DMA1_Stream2_TC.0.DestBurst=MDMA_DEST_BURST_SINGLE
Mdma.MDMA_Channel5.DMA1_Stream2_TC.0.DestDataSize=MDMA_DEST_DATASIZE_BYTE
Mdma.MDMA_Channel5.DMA1_Stream2_TC.0.DestinationInc=MDMA_DEST_INC_BYTE
Mdma.MDMA_Channel5.DMA1_Stream2_TC.0.DstAddress=0
Mdma.MDMA_Channel5.DMA1_Stream2_TC.0.Endianness=MDMA_LITTLE_ENDIANNESS_PRESERVE
Mdma.MDMA_Channel5.DMA1_Stream2_TC.0.Instance=MDMA_Channel5
Mdma.MDMA_Channel5.DMA1_Stream2_TC.0.MaskAddress=0
Mdma.MDMA_Channel5.DMA1_Stream2_TC.0.MaskData=0
Mdma.MDMA_Channel5.DMA1_Stream2_TC.0.Priority=MDMA_PRIORITY_LOW
Mdma.MDMA_Channel5.DMA1_Stream2_TC.0.Rank=First
Mdma.MDMA_Channel5.DMA1_Stream2_TC.0.RequestParameters=Instance,CircularMode,TransferTriggerMode,Priority,Endianness,SourceInc,DestinationInc,SourceDataSize,DestDataSize,DataAlignment,BufferTransferLength,SourceBurst,DestBurst,SourceBlockAddressOffset,DestBlockAddressOffset,MaskAddress,MaskData,SrcAddress,DstAddress,BlockDataLength,BlockCount,Rank
Mdma.MDMA_Channel5.DMA1_Stream2_TC.0.SourceBlockAddressOffset=0
Mdma.MDMA_Channel5.DMA1_Stream2_TC.0.SourceBurst=MDMA_SOURCE_BURST_SINGLE
Mdma.MDMA_Channel5.DMA1_Stream2_TC.0.SourceDataSize=MDMA_SRC_DATASIZE_BYTE
Mdma.MDMA_Channel5.DMA1_Stream2_TC.0.SourceInc=MDMA_SRC_INC_BYTE
Mdma.MDMA_Channel5.DMA1_Stream2_TC.0.SrcAddress=0
Mdma.MDMA_Channel5.DMA1_Stream2_TC.0.TransferTriggerMode=MDMA_BLOCK_TRANSFER
Mdma.MDMA_Channel5.Request0=DMA1_Stream2_TC
Mdma.MDMA_Channel5.RequestsNb=1
Mdma.MDMA_Channel6.DMA1_Stream3_TC.0.BlockCount=0
Mdma.MDMA_Channel6.DMA1_Stream3_TC.0.BlockDataLength=0
Mdma.MDMA_Channel6.DMA1_Stream3_TC.0.BufferTransferLength=128
Mdma.MDMA_Channel6.DMA1_Stream3_TC.0.CircularMode=MDMA_LINEAR_LIST
Mdma.MDMA_Channel6.DMA1_Stream3_TC.0.DataAlignment=MDMA_DATAALIGN_PACKENABLE
Mdma.MDMA_Channel6.DMA1_Stream3_TC.0.DestBlockAddressOffset=0
Mdma.MDMA_Channel6.DMA1_Stream3_TC.0.DestBurst=MDMA_DEST_BURST_SINGLE
Mdma.MDMA_Channel6.DMA1_Stream3_TC.0.DestDataSize=MDMA_DEST_DATASIZE_BYTE
Mdma.MDMA_Channel6.DMA1_Stream3_TC.0.DestinationInc=MDMA_DEST_INC_BYTE
Mdma.MDMA_Channel6.DMA1_Stream3_TC.0.DstAddress=0
Mdma.MDMA_Channel6.DMA1_Stream3_TC.0.Endianness=MDMA_LITTLE_ENDIANNESS_PRESERVE
Mdma.MDMA_Channel6.DMA1_Stream3_TC.0.Instance=MDMA_Channel6
Mdma.MDMA_Channel6.DMA1_Stream3_TC.0.MaskAddress=0
Mdma.MDMA_Channel6.DMA1_Stream3_TC.0.MaskData=0
Mdma.MDMA_Channel6.DMA1_Stream3_TC.0.Priority=MDMA_PRIORITY_LOW
Mdma.MDMA_Channel6.DMA1_Stream3_TC.0.Rank=First
Mdma.MDMA_Channel6.DMA1_Stream3_TC.0.RequestParameters=Instance,CircularMode,TransferTriggerMode,Priority,Endianness,SourceInc,DestinationInc,SourceDataSize,DestDataSize,DataAlignment,BufferTransferLength,SourceBurst,DestBurst,SourceBlockAddressOffset,DestBlockAddressOffset,MaskAddress,MaskData,SrcAddress,DstAddress,BlockDataLength,BlockCount,Rank
Mdma.MDMA_Channel6.DMA1_Stream3_TC.0.SourceBlockAddressOffset=0
Mdma.MDMA_Channel6.DMA1_Stream3_TC.0.SourceBurst=MDMA_SOURCE_BURST_SINGLE
Mdma.MDMA_Channel6.DMA1_Stream3_TC.0.SourceDataSize=MDMA_SRC_DATASIZE_BYTE
Mdma.MDMA_Channel6.DMA1_Stream3_TC.0.SourceInc=MDMA_SRC_INC_BYTE
Mdma.MDMA_Channel6.DMA1_Stream3_TC.0.SrcAddress=0
Mdma.MDMA_Channel6.DMA1_Stream3_TC.0.TransferTriggerMode=MDMA_BLOCK_TRANSFER
Mdma.MDMA_Channel6.Request0=DMA1_Stream3_TC
Mdma.MDMA_Channel6.RequestsNb=1
Mdma.MDMA_Channel7.DMA2_Stream1_TC.0.BlockCount=0
Mdma.MDMA_Channel7.DMA2_Stream1_TC.0.BlockDataLength=0
Mdma.MDMA_Channel7.DMA2_Stream1_TC.0.BufferTransferLength=128
Mdma.MDMA_Channel7.DMA2_Stream1_TC.0.CircularMode=MDMA_LINEAR_LIST
Mdma.MDMA_Channel7.DMA2_Stream1_TC.0.DataAlignment=MDMA_DATAALIGN_PACKENABLE
Mdma.MDMA_Channel7.DMA2_Stream1_TC.0.DestBlockAddressOffset=0
Mdma.MDMA_Channel7.DMA2_Stream1_TC.0.DestBurst=MDMA_DEST_BURST_SINGLE
Mdma.MDMA_Channel7.DMA2_Stream1_TC.0.DestDataSize=MDMA_DEST_DATASIZE_BYTE
Mdma.MDMA_Channel7.DMA2_Stream1_TC.0.DestinationInc=MDMA_DEST_INC_BYTE
Mdma.MDMA_Channel7.DMA2_Stream1_TC.0.DstAddress=0
Mdma.MDMA_Channel7.DMA2_Stream1_TC.0.Endianness=MDMA_LITTLE_ENDIANNESS_PRESERVE
Mdma.MDMA_Channel7.DMA2_Stream1_TC.0.Instance=MDMA_Channel7
Mdma.MDMA_Channel7.DMA2_Stream1_TC.0.MaskAddress=0
Mdma.MDMA_Channel7.DMA2_Stream1_TC.0.MaskData=0
Mdma.MDMA_Channel7.DMA2_Stream1_TC.0.Priority=MDMA_PRIORITY_VERY_HIGH
Mdma.MDMA_Channel7.DMA2_Stream1_TC.0.Rank=First
Mdma.MDMA_Channel7.DMA2_Stream1_TC.0.RequestParameters=Instance,CircularMode,TransferTriggerMode,Priority,Endianness,SourceInc,DestinationInc,SourceDataSize,DestDataSize,DataAlignment,BufferTransferLength,SourceBurst,DestBurst,SourceBlockAddressOffset,DestBlockAddressOffset,MaskAddress,MaskData,SrcAddress,DstAddress,BlockDataLength,BlockCount,Rank
Mdma.MDMA_Channel7.DMA2_Stream1_TC.0.SourceBlockAddressOffset=0
Mdma.MDMA_Channel7.DMA2_Stream1_TC.0.SourceBurst=MDMA_SOURCE_BURST_SINGLE
Mdma.MDMA_Channel7.DMA2_Stream1_TC.0.SourceDataSize=MDMA_SRC_DATASIZE_BYTE
Mdma.MDMA_Channel7.DMA2_Stream1_TC.0.SourceInc=MDMA_SRC_INC_BYTE
Mdma.MDMA_Channel7.DMA2_Stream1_TC.0.SrcAddress=0
Mdma.MDMA_Channel7.DMA2_Stream1_TC.0.TransferTriggerMode=MDMA_BLOCK_TRANSFER
Mdma.MDMA_Channel7.Request0=DMA2_Stream1_TC
Mdma.MDMA_Channel7.RequestsNb=1
Mdma.MDMA_Channel8.DMA2_Stream4_TC.0.BlockCount=0
Mdma.MDMA_Channel8.DMA2_Stream4_TC.0.BlockDataLength=0
Mdma.MDMA_Channel8.DMA2_Stream4_TC.0.BufferTransferLength=128
Mdma.MDMA_Channel8.DMA2_Stream4_TC.0.CircularMode=MDMA_LINEAR_LIST
Mdma.MDMA_Channel8.DMA2_Stream4_TC.0.DataAlignment=MDMA_DATAALIGN_PACKENABLE
Mdma.MDMA_Channel8.DMA2_Stream4_TC.0.DestBlockAddressOffset=0
Mdma.MDMA_Channel8.DMA2_Stream4_TC.0.DestBurst=MDMA_DEST_BURST_SINGLE
Mdma.MDMA_Channel8.DMA2_Stream4_TC.0.DestDataSize=MDMA_DEST_DATASIZE_BYTE
Mdma.MDMA_Channel8.DMA2_Stream4_TC.0.DestinationInc=MDMA_DEST_INC_BYTE
Mdma.MDMA_Channel8.DMA2_Stream4_TC.0.DstAddress=0
Mdma.MDMA_Channel8.DMA2_Stream4_TC.0.Endianness=MDMA_LITTLE_ENDIANNESS_PRESERVE
Mdma.MDMA_Channel8.DMA2_Stream4_TC.0.Instance=MDMA_Channel8
Mdma.MDMA_Channel8.DMA2_Stream4_TC.0.MaskAddress=0
Mdma.MDMA_Channel8.DMA2_Stream4_TC.0.MaskData=0
Mdma.MDMA_Channel8.DMA2_Stream4_TC.0.Priority=MDMA_PRIORITY_HIGH
Mdma.MDMA_Channel8.DMA2_Stream4_TC.0.Rank=First
Mdma.MDMA_Channel8.DMA2_Stream4_TC.0.RequestParameters=Instance,CircularMode,TransferTriggerMode,Priority,Endianness,SourceInc,DestinationInc,SourceDataSize,DestDataSize,DataAlignment,BufferTransferLength,SourceBurst,DestBurst,SourceBlockAddressOffset,DestBlockAddressOffset,MaskAddress,MaskData,SrcAddress,DstAddress,BlockDataLength,BlockCount,Rank
Mdma.MDMA_Channel8.DMA2_Stream4_TC.0.SourceBlockAddressOffset=0
Mdma.MDMA_Channel8.DMA2_Stream4_TC.0.SourceBurst=MDMA_SOURCE_BURST_SINGLE
Mdma.MDMA_Channel8.DMA2_Stream4_TC.0.SourceDataSize=MDMA_SRC_DATASIZE_BYTE
Mdma.MDMA_Channel8.DMA2_Stream4_TC.0.SourceInc=MDMA_SRC_INC_BYTE
Mdma.MDMA_Channel8.DMA2_Stream4_TC.0.SrcAddress=0
Mdma.MDMA_Channel8.DMA2_Stream4_TC.0.TransferTriggerMode=MDMA_BLOCK_TRANSFER
Mdma.MDMA_Channel8.Request0=DMA2_Stream4_TC
Mdma.MDMA_Channel8.RequestsNb=1
Mdma.MDMA_Channel9.DMA1_Stream6_TC.0.BlockCount=0
Mdma.MDMA_Channel9.DMA1_Stream6_TC.0.BlockDataLength=0
Mdma.MDMA_Channel9.DMA1_Stream6_TC.0.BufferTransferLength=128
Mdma.MDMA_Channel9.DMA1_Stream6_TC.0.CircularMode=MDMA_LINEAR_LIST
Mdma.MDMA_Channel9.DMA1_Stream6_TC.0.DataAlignment=MDMA_DATAALIGN_PACKENABLE
Mdma.MDMA_Channel9.DMA1_Stream6_TC.0.DestBlockAddressOffset=0
Mdma.MDMA_Channel9.DMA1_Stream6_TC.0.DestBurst=MDMA_DEST_BURST_SINGLE
Mdma.MDMA_Channel9.DMA1_Stream6_TC.0.DestDataSize=MDMA_DEST_DATASIZE_BYTE
Mdma.MDMA_Channel9.DMA1_Stream6_TC.0.DestinationInc=MDMA_DEST_INC_BYTE
Mdma.MDMA_Channel9.DMA1_Stream6_TC.0.DstAddress=0
Mdma.MDMA_Channel9.DMA1_Stream6_TC.0.Endianness=MDMA_LITTLE_ENDIANNESS_PRESERVE
Mdma.MDMA_Channel9.DMA1_Stream6_TC.0.Instance=MDMA_Channel9
Mdma.MDMA_Channel9.DMA1_Stream6_TC.0.MaskAddress=0
Mdma.MDMA_Channel9.DMA1_Stream6_TC.0.MaskData=0
Mdma.MDMA_Channel9.DMA1_Stream6_TC.0.Priority=MDMA_PRIORITY_LOW
Mdma.MDMA_Channel9.DMA1_Stream6_TC.0.Rank=First
Mdma.MDMA_Channel9.DMA1_Stream6_TC.0.RequestParameters=Instance,CircularMode,TransferTriggerMode,Priority,Endianness,SourceInc,DestinationInc,SourceDataSize,DestDataSize,DataAlignment,BufferTransferLength,SourceBurst,DestBurst,SourceBlockAddressOffset,DestBlockAddressOffset,MaskAddress,MaskData,SrcAddress,DstAddress,BlockDataLength,BlockCount,Rank
Mdma.MDMA_Channel9.DMA1_Stream6_TC.0.SourceBlockAddressOffset=0
Mdma.MDMA_Channel9.DMA1_Stream6_TC.0.SourceBurst=MDMA_SOURCE_BURST_SINGLE
Mdma.MDMA_Channel9.DMA1_Stream6_TC.0.SourceDataSize=MDMA_SRC_DATASIZE_BYTE
Mdma.MDMA_Channel9.DMA1_Stream6_TC.0.SourceInc=MDMA_SRC_INC_BYTE
Mdma.MDMA_Channel9.DMA1_Stream6_TC.0.SrcAddress=0
Mdma.MDMA_Channel9.DMA1_Stream6_TC.0.TransferTriggerMode=MDMA_BLOCK_TRANSFER
Mdma.MDMA_Channel9.Request0=DMA1_Stream6_TC
Mdma.MDMA_Channel9.RequestsNb=1
Mdma.RequestSet0=MDMA_Channel0
Mdma.RequestSet1=MDMA_Channel1
Mdma.RequestSet10=MDMA_Channel10
Mdma.RequestSet11=MDMA_Channel11
Mdma.RequestSet12=MDMA_Channel12
Mdma.RequestSet13=MDMA_Channel13
Mdma.RequestSet14=MDMA_Channel14
Mdma.RequestSet15=MDMA_Channel15
Mdma.RequestSet2=MDMA_Channel2
Mdma.RequestSet3=MDMA_Channel3
Mdma.RequestSet4=MDMA_Channel4
Mdma.RequestSet5=MDMA_Channel5
Mdma.RequestSet6=MDMA_Channel6
Mdma.RequestSet7=MDMA_Channel7
Mdma.RequestSet8=MDMA_Channel8
Mdma.RequestSet9=MDMA_Channel9
Mdma.RequestSetsNb=16
MxCube.Version=6.15.0
MxDb.Version=DB.6.0.150
NVIC.BusFault_IRQn=true\:0\:0\:false\:false\:true\:false\:false\:false\:false
NVIC.CRYP_IRQn=true\:0\:0\:false\:false\:true\:false\:true\:true\:true
NVIC.DMA1_Stream0_IRQn=true\:0\:0\:false\:false\:true\:true\:false\:true\:true
NVIC.DMA1_Stream1_IRQn=true\:0\:0\:false\:false\:true\:true\:false\:true\:true
NVIC.DMA1_Stream2_IRQn=true\:0\:0\:false\:false\:true\:true\:false\:true\:true
NVIC.DMA1_Stream3_IRQn=true\:0\:0\:false\:false\:true\:true\:false\:true\:true
NVIC.DMA1_Stream4_IRQn=true\:0\:0\:false\:false\:true\:true\:false\:true\:true
NVIC.DMA1_Stream5_IRQn=true\:0\:0\:false\:false\:true\:true\:false\:true\:true
NVIC.DMA1_Stream6_IRQn=true\:0\:0\:false\:false\:true\:true\:false\:true\:true
NVIC.DMA1_Stream7_IRQn=true\:0\:0\:false\:false\:true\:true\:false\:true\:true
NVIC.DMA2_Stream0_IRQn=true\:0\:0\:false\:false\:true\:true\:false\:true\:true
NVIC.DMA2_Stream1_IRQn=true\:0\:0\:false\:false\:true\:true\:false\:true\:true
NVIC.DMA2_Stream2_IRQn=true\:0\:0\:false\:false\:true\:true\:false\:true\:true
NVIC.DMA2_Stream3_IRQn=true\:0\:0\:false\:false\:true\:true\:false\:true\:true
NVIC.DMA2_Stream4_IRQn=true\:0\:0\:false\:false\:true\:true\:false\:true\:true
NVIC.DMA2_Stream6_IRQn=true\:0\:0\:false\:false\:true\:true\:false\:true\:true
NVIC.DMA2_Stream7_IRQn=true\:0\:0\:false\:false\:true\:true\:false\:true\:true
NVIC.DebugMonitor_IRQn=true\:0\:0\:false\:false\:true\:false\:false\:false\:false
NVIC.FDCAN1_IT0_IRQn=true\:0\:0\:false\:false\:true\:false\:true\:true\:true
NVIC.FDCAN1_IT1_IRQn=true\:0\:0\:false\:false\:true\:false\:true\:true\:true
NVIC.FDCAN_CAL_IRQn=true\:0\:0\:false\:false\:true\:false\:true\:true\:true
NVIC.FPU_IRQn=true\:0\:0\:false\:false\:true\:false\:true\:false\:true
NVIC.ForceEnableDMAVector=true
NVIC.HASH_RNG_IRQn=true\:0\:0\:false\:false\:true\:false\:true\:true\:true
NVIC.HardFault_IRQn=true\:0\:0\:false\:false\:true\:false\:false\:false\:false
NVIC.I2C1_ER_IRQn=true\:0\:0\:false\:false\:true\:false\:true\:true\:true
NVIC.I2C1_EV_IRQn=true\:0\:0\:false\:false\:true\:false\:true\:true\:true
NVIC.I2C2_ER_IRQn=true\:0\:0\:false\:false\:true\:false\:true\:true\:true
NVIC.I2C2_EV_IRQn=true\:0\:0\:false\:false\:true\:false\:true\:true\:true
NVIC.LPTIM1_IRQn=true\:0\:0\:false\:false\:true\:false\:true\:true\:true
NVIC.MDMA_IRQn=true\:0\:0\:false\:false\:true\:false\:false\:true\:true
NVIC.MemoryManagement_IRQn=true\:0\:0\:false\:false\:true\:false\:false\:false\:false
NVIC.NonMaskableInt_IRQn=true\:0\:0\:false\:false\:true\:false\:false\:false\:false
NVIC.OTG_FS_EP1_IN_IRQn=true\:0\:0\:false\:false\:true\:false\:true\:true\:true
NVIC.OTG_FS_EP1_OUT_IRQn=true\:0\:0\:false\:false\:true\:false\:true\:true\:true
NVIC.OTG_FS_IRQn=true\:0\:0\:false\:false\:true\:false\:true\:true\:true
NVIC.OTG_FS_WKUP_IRQn=true\:0\:0\:false\:false\:true\:false\:false\:true\:true
NVIC.PendSV_IRQn=true\:0\:0\:false\:false\:false\:false\:false\:false\:false
NVIC.PriorityGroup=NVIC_PRIORITYGROUP_4
NVIC.SDMMC1_IRQn=true\:0\:0\:false\:false\:true\:false\:true\:true\:true
NVIC.SDMMC2_IRQn=true\:0\:0\:false\:false\:true\:false\:true\:true\:true
NVIC.SPI1_IRQn=true\:0\:0\:false\:false\:true\:false\:false\:true\:true
NVIC.SVCall_IRQn=true\:0\:0\:false\:false\:false\:false\:false\:false\:false
NVIC.SavedPendsvIrqHandlerGenerated=true
NVIC.SavedSvcallIrqHandlerGenerated=true
NVIC.SavedSystickIrqHandlerGenerated=true
NVIC.SysTick_IRQn=true\:0\:0\:false\:false\:false\:false\:false\:true\:false
NVIC.TIM1_UP_IRQn=true\:15\:0\:false\:false\:true\:false\:false\:true\:true
NVIC.TimeBase=TIM1_UP_IRQn
NVIC.TimeBaseIP=TIM1
NVIC.UART5_IRQn=true\:0\:0\:false\:false\:true\:false\:true\:true\:true
NVIC.UART7_IRQn=true\:0\:0\:false\:false\:true\:false\:true\:true\:true
NVIC.UART8_IRQn=true\:0\:0\:false\:false\:true\:false\:true\:true\:true
NVIC.UsageFault_IRQn=true\:0\:0\:false\:false\:true\:false\:false\:false\:false
PA11.GPIOParameters=PinAttribute
PA11.Mode=Device_Only
PA11.PinAttribute=Free
PA11.Signal=USB_OTG_FS_DM
PA12.GPIOParameters=PinAttribute
PA12.Mode=Device_Only
PA12.PinAttribute=Free
PA12.Signal=USB_OTG_FS_DP
PA13\ (JTMS/SWDIO).Mode=Serial_Wire
PA13\ (JTMS/SWDIO).Signal=DEBUG_JTMS-SWDIO
PA14\ (JTCK/SWCLK).Mode=Serial_Wire
PA14\ (JTCK/SWCLK).Signal=DEBUG_JTCK-SWCLK
PA15\ (JTDI).GPIOParameters=GPIO_Label
PA15\ (JTDI).GPIO_Label=PWM_3
PA15\ (JTDI).Locked=true
PA15\ (JTDI).Signal=S_TIM2_CH1_ETR
PA2.GPIOParameters=GPIO_Label,PinAttribute
PA2.GPIO_Label=PWM_1
PA2.Locked=true
PA2.PinAttribute=Free
PA2.Signal=S_TIM2_CH3
PA4.GPIOParameters=GPIO_Label,PinAttribute
PA4.GPIO_Label=DAC_1_GPIO5
PA4.PinAttribute=Free
PA4.Signal=COMP_DAC11_group
PA5.Locked=true
PA5.Mode=Full_Duplex_Master
PA5.Signal=SPI1_SCK
PA6.GPIOParameters=GPIO_Label
PA6.GPIO_Label=ADC_1
PA6.Signal=ADCx_INP3
PA7.Signal=FMC_SDNWE
PA8.GPIOParameters=GPIO_Label,PinAttribute
PA8.GPIO_Label=UART7_RX
PA8.Locked=true
PA8.Mode=Asynchronous
PA8.PinAttribute=Free
PA8.Signal=UART7_RX
PA9.GPIOParameters=PinAttribute
PA9.Mode=Activate_VBUS
PA9.PinAttribute=Free
PA9.Signal=USB_OTG_FS_VBUS
PB0.GPIOParameters=GPIO_Label
PB0.GPIO_Label=PWM_2
PB0.Locked=true
PB0.Signal=S_TIM3_CH3
PB1.GPIOParameters=GPIO_Label
PB1.GPIO_Label=ADC_3
PB1.Signal=ADCx_INP5
PB12.GPIOParameters=GPIO_Label,PinAttribute
PB12.GPIO_Label=UART5_RX
PB12.Locked=true
PB12.Mode=Asynchronous
PB12.PinAttribute=Free
PB12.Signal=UART5_RX
PB13.GPIOParameters=GPIO_Label
PB13.GPIO_Label=UART5_TX
PB13.Locked=true
PB13.Mode=Asynchronous
PB13.Signal=UART5_TX
PB14.Mode=SD_4_bits_Wide_bus
PB14.Signal=SDMMC2_D0
PB15.GPIOParameters=PinAttribute
PB15.Mode=SD_4_bits_Wide_bus
PB15.PinAttribute=Free
PB15.Signal=SDMMC2_D1
PB3\ (JTDO/TRACESWO).GPIOParameters=GPIO_Label
PB3\ (JTDO/TRACESWO).GPIO_Label=PWM_4
PB3\ (JTDO/TRACESWO).Locked=true
PB3\ (JTDO/TRACESWO).Signal=S_TIM2_CH2
PB4\ (NJTRST).Mode=SD_4_bits_Wide_bus
PB4\ (NJTRST).Signal=SDMMC2_D3
PB5.Locked=true
PB5.Mode=Full_Duplex_Master
PB5.Signal=SPI1_MOSI
PB6.GPIOParameters=GPIO_Label
PB6.GPIO_Label=SCL_1
PB6.Locked=true
PB6.Mode=I2C
PB6.Signal=I2C1_SCL
PB7.GPIOParameters=GPIO_Label
PB7.GPIO_Label=SDA_1
PB7.Locked=true
PB7.Mode=I2C
PB7.Signal=I2C1_SDA
PB8.GPIOParameters=GPIO_Label
PB8.GPIO_Label=FDCAN_RX
PB8.Locked=true
PB8.Mode=FDCAN_Activate
PB8.Signal=FDCAN1_RX
PB9.GPIOParameters=GPIO_Label
PB9.GPIO_Label=FDCAN_TX
PB9.Locked=true
PB9.Mode=FDCAN_Activate
PB9.Signal=FDCAN1_TX
PC0.GPIOParameters=GPIO_Label,PinAttribute
PC0.GPIO_Label=ADC_4
PC0.PinAttribute=Free
PC0.Signal=ADCx_INP10
PC1.GPIOParameters=GPIO_Label,PinAttribute
PC1.GPIO_Label=ADC_5
PC1.PinAttribute=Free
PC1.Signal=ADCx_INP11
PC10.Mode=SD_4_bits_Wide_bus
PC10.Signal=SDMMC1_D2
PC11.Mode=SD_4_bits_Wide_bus
PC11.Signal=SDMMC1_D3
PC12.Mode=SD_4_bits_Wide_bus
PC12.Signal=SDMMC1_CK
PC13.GPIOParameters=GPIO_Label,GPIO_Pd,PinAttribute
PC13.GPIO_Label=UE3
PC13.GPIO_Pd=GPIO_PULLDOWN
PC13.Locked=true
PC13.PinAttribute=Free
PC13.Signal=GPIO_Analog
PC14-OSC32_IN\ (OSC32_IN).GPIOParameters=PinAttribute
PC14-OSC32_IN\ (OSC32_IN).Mode=LSE-External-Oscillator
PC14-OSC32_IN\ (OSC32_IN).PinAttribute=Free
PC14-OSC32_IN\ (OSC32_IN).Signal=RCC_OSC32_IN
PC15-OSC32_OUT\ (OSC32_OUT).Mode=LSE-External-Oscillator
PC15-OSC32_OUT\ (OSC32_OUT).Signal=RCC_OSC32_OUT
PC2.GPIOParameters=GPIO_Label,PinAttribute
PC2.GPIO_Label=ADC_0
PC2.PinAttribute=Free
PC2.Signal=ADCx_INP12
PC4.GPIOParameters=GPIO_Label
PC4.GPIO_Label=ADC_2
PC4.Signal=ADCx_INP4
PC7.GPIOParameters=GPIO_Label,PinAttribute
PC7.GPIO_Label=PWM_6
PC7.Locked=true
PC7.PinAttribute=Free
PC7.Signal=S_TIM8_CH2
PC8.Mode=SD_4_bits_Wide_bus
PC8.Signal=SDMMC1_D0
PC9.GPIOParameters=PinAttribute
PC9.Mode=SD_4_bits_Wide_bus
PC9.PinAttribute=Free
PC9.Signal=SDMMC1_D1
PD0.GPIOParameters=PinAttribute
PD0.PinAttribute=Free
PD0.Signal=FMC_D2_DA2
PD1.GPIOParameters=PinAttribute
PD1.PinAttribute=Free
PD1.Signal=FMC_D3_DA3
PD10.GPIOParameters=PinAttribute
PD10.PinAttribute=Free
PD10.Signal=FMC_D15_DA15
PD14.Signal=FMC_D0_DA0
PD15.Signal=FMC_D1_DA1
PD2.Mode=SD_4_bits_Wide_bus
PD2.Signal=SDMMC1_CMD
PD6.Mode=SD_4_bits_Wide_bus
PD6.Signal=SDMMC2_CK
PD7.Mode=SD_4_bits_Wide_bus
PD7.Signal=SDMMC2_CMD
PD8.Signal=FMC_D13_DA13
PD9.GPIOParameters=PinAttribute
PD9.PinAttribute=Free
PD9.Signal=FMC_D14_DA14
PE0.Signal=FMC_NBL0
PE1.Signal=FMC_NBL1
PE10.GPIOParameters=PinAttribute
PE10.PinAttribute=Free
PE10.Signal=FMC_D7_DA7
PE11.Signal=FMC_D8_DA8
PE12.Signal=FMC_D9_DA9
PE13.Signal=FMC_D10_DA10
PE14.Signal=FMC_D11_DA11
PE15.Signal=FMC_D12_DA12
PE3.GPIOParameters=GPIO_Label,GPIO_Pd
PE3.GPIO_Label=UD3
PE3.GPIO_Pd=GPIO_PULLDOWN
PE3.Locked=true
PE3.Signal=GPIO_Analog
PE7.Signal=FMC_D4_DA4
PE8.Signal=FMC_D5_DA5
PE9.Signal=FMC_D6_DA6
PF0.Signal=FMC_A0
PF1.Signal=FMC_A1
PF11.Signal=FMC_SDNRAS
PF12.Signal=FMC_A6
PF13.Signal=FMC_A7
PF14.Signal=FMC_A8
PF15.Signal=FMC_A9
PF2.GPIOParameters=PinAttribute
PF2.PinAttribute=Free
PF2.Signal=FMC_A2
PF3.Signal=FMC_A3
PF4.Signal=FMC_A4
PF5.Signal=FMC_A5
PF7.GPIOParameters=GPIO_Label,PinAttribute
PF7.GPIO_Label=UART7_TX
PF7.Locked=true
PF7.Mode=Asynchronous
PF7.PinAttribute=Free
PF7.Signal=UART7_TX
PG0.Signal=FMC_A10
PG1.Signal=FMC_A11
PG10.Locked=true
PG10.Mode=NSS_Signal_Hard_Output
PG10.Signal=SPI1_NSS
PG11.Mode=SD_4_bits_Wide_bus
PG11.Signal=SDMMC2_D2
PG14.GPIOParameters=GPIO_PuPd,GPIO_Label
PG14.GPIO_Label=SDIO1_CD
PG14.GPIO_PuPd=GPIO_PULLUP
PG14.Locked=true
PG14.Signal=GPIO_Input
PG15.Signal=FMC_SDNCAS
PG4.Signal=FMC_A14_BA0
PG5.Signal=FMC_A15_BA1
PG8.GPIOParameters=PinAttribute
PG8.PinAttribute=Free
PG8.Signal=FMC_SDCLK
PG9.Locked=true
PG9.Mode=Full_Duplex_Master
PG9.Signal=SPI1_MISO
PH10.Signal=FMC_D18
PH11.Signal=FMC_D19
PH12.Signal=FMC_D20
PH13.GPIOParameters=PinAttribute
PH13.PinAttribute=Free
PH13.Signal=FMC_D21
PH14.Signal=FMC_D22
PH15.Signal=FMC_D23
PH2.GPIOParameters=PinAttribute
PH2.Locked=true
PH2.Mode=SdramChipSelect1_1
PH2.PinAttribute=Free
PH2.Signal=FMC_SDCKE0
PH3.Mode=SdramChipSelect1_1
PH3.Signal=FMC_SDNE0
PH4.GPIOParameters=GPIO_Label
PH4.GPIO_Label=SCL_2
PH4.Locked=true
PH4.Mode=I2C
PH4.Signal=I2C2_SCL
PH5.GPIOParameters=GPIO_Label
PH5.GPIO_Label=SDA_2
PH5.Locked=true
PH5.Mode=I2C
PH5.Signal=I2C2_SDA
PH6.GPIOParameters=GPIO_Label,PinAttribute
PH6.GPIO_Label=PWM_5
PH6.Locked=true
PH6.PinAttribute=Free
PH6.Signal=S_TIM12_CH1
PH8.GPIOParameters=PinAttribute
PH8.PinAttribute=Free
PH8.Signal=FMC_D16
PH9.Signal=FMC_D17
PI0.Signal=FMC_D24
PI1.Signal=FMC_D25
PI10.GPIOParameters=PinAttribute
PI10.PinAttribute=Free
PI10.Signal=FMC_D31
PI2.Signal=FMC_D26
PI3.Signal=FMC_D27
PI4.Signal=FMC_NBL2
PI5.Signal=FMC_NBL3
PI6.Signal=FMC_D28
PI7.Signal=FMC_D29
PI9.GPIOParameters=PinAttribute
PI9.PinAttribute=Free
PI9.Signal=FMC_D30
PJ8.GPIOParameters=GPIO_Label
PJ8.GPIO_Label=UART8_RX
PJ8.Locked=true
PJ8.Mode=Asynchronous
PJ8.Signal=UART8_TX
PJ9.GPIOParameters=GPIO_Label,PinAttribute
PJ9.GPIO_Label=UART8_TX
PJ9.Locked=true
PJ9.Mode=Asynchronous
PJ9.PinAttribute=Free
PJ9.Signal=UART8_RX
PinOutPanel.CurrentBGAView=Top
PinOutPanel.RotationAngle=0
ProjectManager.AskForMigrate=true
ProjectManager.BackupPrevious=false
ProjectManager.CompilerLinker=GCC
ProjectManager.CompilerOptimize=6
ProjectManager.ComputerToolchain=false
ProjectManager.CoupleFile=true
ProjectManager.CustomerFirmwarePackage=
ProjectManager.DefaultFWLocation=true
ProjectManager.DeletePrevious=true
ProjectManager.DeviceId=STM32H750XBHx
ProjectManager.FirmwarePackage=STM32Cube FW_H7 V1.12.1
ProjectManager.FreePins=true
ProjectManager.HalAssertFull=false
ProjectManager.HeapSize=0x2000
ProjectManager.KeepUserCode=true
ProjectManager.LastFirmware=true
ProjectManager.LibraryCopy=0
ProjectManager.MainLocation=Core/Src
ProjectManager.MultiThreaded=true
ProjectManager.NoMain=false
ProjectManager.PreviousToolchain=
ProjectManager.ProjectBuild=false
ProjectManager.ProjectFileName=NEW_STM32.ioc
ProjectManager.ProjectName=NEW_STM32
ProjectManager.ProjectStructure=
ProjectManager.RegisterCallBack=ADC,DAC,FDCAN,HASH,I2C,MMC,RNG,SD,SPI,UART
ProjectManager.StackSize=0x16000
ProjectManager.TargetToolchain=CMake
ProjectManager.ThreadSafeStrategy=Cortex-M7NS\:Default,
ProjectManager.ToolChainLocation=
ProjectManager.UAScriptAfterPath=
ProjectManager.UAScriptBeforePath=
ProjectManager.UnderRoot=false
ProjectManager.functionlistsort=1-SystemClock_Config-RCC-false-HAL-false,2-MX_GPIO_Init-GPIO-false-HAL-true,3-MX_DMA_Init-DMA-false-HAL-true,4-MX_MDMA_Init-MDMA-false-HAL-true,5-MX_ADC1_Init-ADC1-false-HAL-true,6-MX_CRC_Init-CRC-false-HAL-true,7-MX_DAC1_Init-DAC1-false-HAL-true,8-MX_FDCAN1_Init-FDCAN1-false-HAL-true,9-MX_HASH_Init-HASH-false-HAL-true,10-MX_I2C1_Init-I2C1-false-HAL-true,11-MX_I2C2_Init-I2C2-false-HAL-true,12-MX_IWDG1_Init-IWDG1-false-HAL-true,13-MX_LPTIM1_Init-LPTIM1-false-HAL-true,14-MX_RNG_Init-RNG-false-HAL-true,15-MX_RTC_Init-RTC-false-HAL-true,16-MX_SDMMC1_SD_Init-SDMMC1-false-HAL-true,17-MX_SDMMC2_SD_Init-SDMMC2-false-HAL-true,18-MX_SPI1_Init-SPI1-false-HAL-true,19-MX_TIM2_Init-TIM2-false-HAL-true,20-MX_TIM3_Init-TIM3-false-HAL-true,21-MX_TIM8_Init-TIM8-false-HAL-true,22-MX_TIM12_Init-TIM12-false-HAL-true,23-MX_UART5_Init-UART5-false-HAL-true,24-MX_UART7_Init-UART7-false-HAL-true,25-MX_UART8_Init-UART8-false-HAL-true,26-MX_FMC_Init-FMC-false-HAL-true,27-MX_USB_OTG_FS_PCD_Init-USB_OTG_FS-false-HAL-true,28-MX_CRYP_Init-CRYP-false-HAL-true,0-MX_CORTEX_M7_Init-CORTEX_M7-false-HAL-true
RCC.ADCFreq_Value=50000000
RCC.AHB12Freq_Value=200000000
RCC.AHB4Freq_Value=200000000
RCC.APB1Freq_Value=100000000
RCC.APB2Freq_Value=100000000
RCC.APB3Freq_Value=100000000
RCC.APB4Freq_Value=100000000
RCC.AXIClockFreq_Value=200000000
RCC.CECFreq_Value=32000
RCC.CKPERFreq_Value=64000000
RCC.CortexFreq_Value=400000000
RCC.CpuClockFreq_Value=400000000
RCC.D1CPREFreq_Value=400000000
RCC.D1PPRE=RCC_APB3_DIV2
RCC.D2PPRE1=RCC_APB1_DIV2
RCC.D2PPRE2=RCC_APB2_DIV2
RCC.D3PPRE=RCC_APB4_DIV2
RCC.DFSDMACLkFreq_Value=80000000
RCC.DFSDMFreq_Value=100000000
RCC.DIVM1=16
RCC.DIVM2=16
RCC.DIVN1=200
RCC.DIVN2=100
RCC.DIVN3=128
RCC.DIVP1Freq_Value=400000000
RCC.DIVP2=8
RCC.DIVP2Freq_Value=50000000
RCC.DIVP3=16
RCC.DIVP3Freq_Value=16000000
RCC.DIVQ1=10
RCC.DIVQ1Freq_Value=80000000
RCC.DIVQ2=8
RCC.DIVQ2Freq_Value=50000000
RCC.DIVQ3=16
RCC.DIVQ3Freq_Value=16000000
RCC.DIVR1Freq_Value=400000000
RCC.DIVR2Freq_Value=200000000
RCC.DIVR3=8
RCC.DIVR3Freq_Value=32000000
RCC.FDCANCLockSelection=RCC_FDCANCLKSOURCE_PLL2
RCC.FDCANFreq_Value=50000000
RCC.FMCFreq_Value=200000000
RCC.FamilyName=M
RCC.HCLK3ClockFreq_Value=200000000
RCC.HCLKFreq_Value=200000000
RCC.HPRE=RCC_HCLK_DIV2
RCC.HRTIMFreq_Value=200000000
RCC.I2C123CLockSelection=RCC_I2C123CLKSOURCE_PLL3
RCC.I2C123Freq_Value=32000000
RCC.I2C4Freq_Value=100000000
RCC.IPParameters=ADCFreq_Value,AHB12Freq_Value,AHB4Freq_Value,APB1Freq_Value,APB2Freq_Value,APB3Freq_Value,APB4Freq_Value,AXIClockFreq_Value,CECFreq_Value,CKPERFreq_Value,CortexFreq_Value,CpuClockFreq_Value,D1CPREFreq_Value,D1PPRE,D2PPRE1,D2PPRE2,D3PPRE,DFSDMACLkFreq_Value,DFSDMFreq_Value,DIVM1,DIVM2,DIVN1,DIVN2,DIVN3,DIVP1Freq_Value,DIVP2,DIVP2Freq_Value,DIVP3,DIVP3Freq_Value,DIVQ1,DIVQ1Freq_Value,DIVQ2,DIVQ2Freq_Value,DIVQ3,DIVQ3Freq_Value,DIVR1Freq_Value,DIVR2Freq_Value,DIVR3,DIVR3Freq_Value,FDCANCLockSelection,FDCANFreq_Value,FMCFreq_Value,FamilyName,HCLK3ClockFreq_Value,HCLKFreq_Value,HPRE,HRTIMFreq_Value,I2C123CLockSelection,I2C123Freq_Value,I2C4Freq_Value,LPTIM1CLockSelection,LPTIM1Freq_Value,LPTIM2Freq_Value,LPTIM345Freq_Value,LPUART1Freq_Value,LSE_Drive_Capability,LTDCFreq_Value,MCO1PinFreq_Value,MCO2PinFreq_Value,PLL2FRACN,PLL2_VCI_Range-AdvancedSettings,PLL3_VCI_Range-AdvancedSettings,PLL3_VCO_SEL-AdvancedSettings,PLLFRACN,PWR_Regulator_Voltage_Scale,QSPIFreq_Value,RCC_TIM_PRescaler_Selection,RNGFreq_Value,RTCClockSelection,RTCFreq_Value,SAI1Freq_Value,SAI23Freq_Value,SAI4AFreq_Value,SAI4BFreq_Value,SDMMC1CLockSelection,SDMMCFreq_Value,SPDIFRXFreq_Value,SPI123Freq_Value,SPI45Freq_Value,SPI6Freq_Value,SWPMI1Freq_Value,SYSCLKFreq_VALUE,SYSCLKSource,Tim1OutputFreq_Value,Tim2OutputFreq_Value,TraceFreq_Value,USART16Freq_Value,USART234578CLockSelection,USART234578Freq_Value,USBCLockSelection,USBFreq_Value,VCO1OutputFreq_Value,VCO2OutputFreq_Value,VCO3OutputFreq_Value,VCOInput1Freq_Value,VCOInput2Freq_Value,VCOInput3Freq_Value
RCC.LPTIM1CLockSelection=RCC_LPTIM1CLKSOURCE_LSE
RCC.LPTIM1Freq_Value=32768
RCC.LPTIM2Freq_Value=100000000
RCC.LPTIM345Freq_Value=100000000
RCC.LPUART1Freq_Value=100000000
RCC.LSE_Drive_Capability=RCC_LSEDRIVE_HIGH
RCC.LTDCFreq_Value=32000000
RCC.MCO1PinFreq_Value=64000000
RCC.MCO2PinFreq_Value=400000000
RCC.PLL2FRACN=0
RCC.PLL2_VCI_Range-AdvancedSettings=RCC_PLL2VCIRANGE_1
RCC.PLL3_VCI_Range-AdvancedSettings=RCC_PLL3VCIRANGE_0
RCC.PLL3_VCO_SEL-AdvancedSettings=RCC_PLL3VCOMEDIUM
RCC.PLLFRACN=0
RCC.PWR_Regulator_Voltage_Scale=PWR_REGULATOR_VOLTAGE_SCALE0
RCC.QSPIFreq_Value=200000000
RCC.RCC_TIM_PRescaler_Selection=RCC_TIMPRES_DESACTIVATED
RCC.RNGFreq_Value=48000000
RCC.RTCClockSelection=RCC_RTCCLKSOURCE_LSE
RCC.RTCFreq_Value=32768
RCC.SAI1Freq_Value=80000000
RCC.SAI23Freq_Value=80000000
RCC.SAI4AFreq_Value=80000000
RCC.SAI4BFreq_Value=80000000
RCC.SDMMC1CLockSelection=RCC_SDMMCCLKSOURCE_PLL2
RCC.SDMMCFreq_Value=200000000
RCC.SPDIFRXFreq_Value=80000000
RCC.SPI123Freq_Value=80000000
RCC.SPI45Freq_Value=100000000
RCC.SPI6Freq_Value=100000000
RCC.SWPMI1Freq_Value=100000000
RCC.SYSCLKFreq_VALUE=400000000
RCC.SYSCLKSource=RCC_SYSCLKSOURCE_PLLCLK
RCC.Tim1OutputFreq_Value=200000000
RCC.Tim2OutputFreq_Value=200000000
RCC.TraceFreq_Value=400000000
RCC.USART16Freq_Value=100000000
RCC.USART234578CLockSelection=RCC_USART234578CLKSOURCE_PLL3
RCC.USART234578Freq_Value=16000000
RCC.USBCLockSelection=RCC_USBCLKSOURCE_HSI48
RCC.USBFreq_Value=48000000
RCC.VCO1OutputFreq_Value=800000000
RCC.VCO2OutputFreq_Value=400000000
RCC.VCO3OutputFreq_Value=256000000
RCC.VCOInput1Freq_Value=4000000
RCC.VCOInput2Freq_Value=4000000
RCC.VCOInput3Freq_Value=2000000
SDMMC1.ClockDiv=2
SDMMC1.HardwareFlowControl=SDMMC_HARDWARE_FLOW_CONTROL_ENABLE
SDMMC1.IPParameters=HardwareFlowControl,ClockDiv
SDMMC2.ClockDiv=2
SDMMC2.HardwareFlowControl=SDMMC_HARDWARE_FLOW_CONTROL_ENABLE
SDMMC2.IPParameters=ClockDiv,HardwareFlowControl
SH.ADCx_INP10.0=ADC1_INP10,IN10-Single-Ended
SH.ADCx_INP10.ConfNb=1
SH.ADCx_INP11.0=ADC1_INP11,IN11-Single-Ended
SH.ADCx_INP11.ConfNb=1
SH.ADCx_INP12.0=ADC1_INP12,IN12-Single-Ended
SH.ADCx_INP12.ConfNb=1
SH.ADCx_INP3.0=ADC1_INP3,IN3-Single-Ended
SH.ADCx_INP3.ConfNb=1
SH.ADCx_INP4.0=ADC1_INP4,IN4-Single-Ended
SH.ADCx_INP4.ConfNb=1
SH.ADCx_INP5.0=ADC1_INP5,IN5-Single-Ended
SH.ADCx_INP5.ConfNb=1
SH.COMP_DAC11_group.0=DAC1_OUT1,DAC_OUT1
SH.COMP_DAC11_group.ConfNb=1
SH.FMC_A0.0=FMC_A0,12b-sda1
SH.FMC_A0.ConfNb=1
SH.FMC_A1.0=FMC_A1,12b-sda1
SH.FMC_A1.ConfNb=1
SH.FMC_A10.0=FMC_A10,12b-sda1
SH.FMC_A10.ConfNb=1
SH.FMC_A11.0=FMC_A11,12b-sda1
SH.FMC_A11.ConfNb=1
SH.FMC_A14_BA0.0=FMC_BA0,FourSdramBanks1
SH.FMC_A14_BA0.ConfNb=1
SH.FMC_A15_BA1.0=FMC_BA1,FourSdramBanks1
SH.FMC_A15_BA1.ConfNb=1
SH.FMC_A2.0=FMC_A2,12b-sda1
SH.FMC_A2.ConfNb=1
SH.FMC_A3.0=FMC_A3,12b-sda1
SH.FMC_A3.ConfNb=1
SH.FMC_A4.0=FMC_A4,12b-sda1
SH.FMC_A4.ConfNb=1
SH.FMC_A5.0=FMC_A5,12b-sda1
SH.FMC_A5.ConfNb=1
SH.FMC_A6.0=FMC_A6,12b-sda1
SH.FMC_A6.ConfNb=1
SH.FMC_A7.0=FMC_A7,12b-sda1
SH.FMC_A7.ConfNb=1
SH.FMC_A8.0=FMC_A8,12b-sda1
SH.FMC_A8.ConfNb=1
SH.FMC_A9.0=FMC_A9,12b-sda1
SH.FMC_A9.ConfNb=1
SH.FMC_D0_DA0.0=FMC_D0,sd-32b-d1
SH.FMC_D0_DA0.ConfNb=1
SH.FMC_D10_DA10.0=FMC_D10,sd-32b-d1
SH.FMC_D10_DA10.ConfNb=1
SH.FMC_D11_DA11.0=FMC_D11,sd-32b-d1
SH.FMC_D11_DA11.ConfNb=1
SH.FMC_D12_DA12.0=FMC_D12,sd-32b-d1
SH.FMC_D12_DA12.ConfNb=1
SH.FMC_D13_DA13.0=FMC_D13,sd-32b-d1
SH.FMC_D13_DA13.ConfNb=1
SH.FMC_D14_DA14.0=FMC_D14,sd-32b-d1
SH.FMC_D14_DA14.ConfNb=1
SH.FMC_D15_DA15.0=FMC_D15,sd-32b-d1
SH.FMC_D15_DA15.ConfNb=1
SH.FMC_D16.0=FMC_D16,sd-32b-d1
SH.FMC_D16.ConfNb=1
SH.FMC_D17.0=FMC_D17,sd-32b-d1
SH.FMC_D17.ConfNb=1
SH.FMC_D18.0=FMC_D18,sd-32b-d1
SH.FMC_D18.ConfNb=1
SH.FMC_D19.0=FMC_D19,sd-32b-d1
SH.FMC_D19.ConfNb=1
SH.FMC_D1_DA1.0=FMC_D1,sd-32b-d1
SH.FMC_D1_DA1.ConfNb=1
SH.FMC_D20.0=FMC_D20,sd-32b-d1
SH.FMC_D20.ConfNb=1
SH.FMC_D21.0=FMC_D21,sd-32b-d1
SH.FMC_D21.ConfNb=1
SH.FMC_D22.0=FMC_D22,sd-32b-d1
SH.FMC_D22.ConfNb=1
SH.FMC_D23.0=FMC_D23,sd-32b-d1
SH.FMC_D23.ConfNb=1
SH.FMC_D24.0=FMC_D24,sd-32b-d1
SH.FMC_D24.ConfNb=1
SH.FMC_D25.0=FMC_D25,sd-32b-d1
SH.FMC_D25.ConfNb=1
SH.FMC_D26.0=FMC_D26,sd-32b-d1
SH.FMC_D26.ConfNb=1
SH.FMC_D27.0=FMC_D27,sd-32b-d1
SH.FMC_D27.ConfNb=1
SH.FMC_D28.0=FMC_D28,sd-32b-d1
SH.FMC_D28.ConfNb=1
SH.FMC_D29.0=FMC_D29,sd-32b-d1
SH.FMC_D29.ConfNb=1
SH.FMC_D2_DA2.0=FMC_D2,sd-32b-d1
SH.FMC_D2_DA2.ConfNb=1
SH.FMC_D30.0=FMC_D30,sd-32b-d1
SH.FMC_D30.ConfNb=1
SH.FMC_D31.0=FMC_D31,sd-32b-d1
SH.FMC_D31.ConfNb=1
SH.FMC_D3_DA3.0=FMC_D3,sd-32b-d1
SH.FMC_D3_DA3.ConfNb=1
SH.FMC_D4_DA4.0=FMC_D4,sd-32b-d1
SH.FMC_D4_DA4.ConfNb=1
SH.FMC_D5_DA5.0=FMC_D5,sd-32b-d1
SH.FMC_D5_DA5.ConfNb=1
SH.FMC_D6_DA6.0=FMC_D6,sd-32b-d1
SH.FMC_D6_DA6.ConfNb=1
SH.FMC_D7_DA7.0=FMC_D7,sd-32b-d1
SH.FMC_D7_DA7.ConfNb=1
SH.FMC_D8_DA8.0=FMC_D8,sd-32b-d1
SH.FMC_D8_DA8.ConfNb=1
SH.FMC_D9_DA9.0=FMC_D9,sd-32b-d1
SH.FMC_D9_DA9.ConfNb=1
SH.FMC_NBL0.0=FMC_NBL0,Sd4ByteEnable1
SH.FMC_NBL0.ConfNb=1
SH.FMC_NBL1.0=FMC_NBL1,Sd4ByteEnable1
SH.FMC_NBL1.ConfNb=1
SH.FMC_NBL2.0=FMC_NBL2,Sd4ByteEnable1
SH.FMC_NBL2.ConfNb=1
SH.FMC_NBL3.0=FMC_NBL3,Sd4ByteEnable1
SH.FMC_NBL3.ConfNb=1
SH.FMC_SDCLK.0=FMC_SDCLK,12b-sda1
SH.FMC_SDCLK.ConfNb=1
SH.FMC_SDNCAS.0=FMC_SDNCAS,12b-sda1
SH.FMC_SDNCAS.ConfNb=1
SH.FMC_SDNRAS.0=FMC_SDNRAS,12b-sda1
SH.FMC_SDNRAS.ConfNb=1
SH.FMC_SDNWE.0=FMC_SDNWE,12b-sda1
SH.FMC_SDNWE.ConfNb=1
SH.S_TIM12_CH1.0=TIM12_CH1,Output Compare1 CH1
SH.S_TIM12_CH1.ConfNb=1
SH.S_TIM2_CH1_ETR.0=TIM2_CH1,PWM Generation1 CH1
SH.S_TIM2_CH1_ETR.ConfNb=1
SH.S_TIM2_CH2.0=TIM2_CH2,PWM Generation2 CH2
SH.S_TIM2_CH2.ConfNb=1
SH.S_TIM2_CH3.0=TIM2_CH3,PWM Generation3 CH3
SH.S_TIM2_CH3.ConfNb=1
SH.S_TIM3_CH3.0=TIM3_CH3,PWM Generation3 CH3
SH.S_TIM3_CH3.ConfNb=1
SH.S_TIM8_CH2.0=TIM8_CH2,Output Compare2 CH2
SH.S_TIM8_CH2.ConfNb=1
SPI1.BaudRatePrescaler=SPI_BAUDRATEPRESCALER_2
SPI1.CRCCalculation=SPI_CRCCALCULATION_DISABLE
SPI1.CalculateBaudRate=40.0 MBits/s
SPI1.Direction=SPI_DIRECTION_2LINES
SPI1.IPParameters=VirtualType,Mode,Direction,CalculateBaudRate,VirtualNSS,BaudRatePrescaler,CRCCalculation
SPI1.Mode=SPI_MODE_MASTER
SPI1.VirtualNSS=VM_NSSHARD
SPI1.VirtualType=VM_MASTER
STMicroelectronics.X-CUBE-AZRTOS-H7.3.4.0.BoardOoPartJjSTM32CubeIiBSPIiComponents_Checked=true
STMicroelectronics.X-CUBE-AZRTOS-H7.3.4.0.FX_ENABLE_EXFAT=1
STMicroelectronics.X-CUBE-AZRTOS-H7.3.4.0.FileOoSystemJjFileX_Checked=true
STMicroelectronics.X-CUBE-AZRTOS-H7.3.4.0.FileOoSystemJjInterfaces_Checked=true
STMicroelectronics.X-CUBE-AZRTOS-H7.3.4.0.FileXCcFileOoSystemJjFileXJjCore=true
STMicroelectronics.X-CUBE-AZRTOS-H7.3.4.0.IPParameters=TX_APP_GENERATE_INIT_CODE,TX_APP_CREATION,TX_BLOCK_POOL_ENABLE_PERFORMANCE_INFO,TX_BYTE_POOL_ENABLE_PERFORMANCE_INFO,TX_EVENT_FLAGS_ENABLE_PERFORMANCE_INFO,TX_MUTEX_ENABLE_PERFORMANCE_INFO,TX_QUEUE_ENABLE_PERFORMANCE_INFO,TX_SEMAPHORE_ENABLE_PERFORMANCE_INFO,TX_THREAD_ENABLE_PERFORMANCE_INFO,TX_TIMER_ENABLE_PERFORMANCE_INFO,TX_LOW_POWER,TX_TIMER_PROCESS_IN_ISR,TX_REACTIVATE_INLINE,TX_ENABLE_EVENT_TRACE,TX_APP_MSG_QUEUE_CREATION,TX_APP_MUTEX_CREATION,TX_APP_SEM_CREATION,TX_ENABLE_STACK_CHECKING,TX_ENABLE_RANDOM_NUMBER_STACK_FILLING,TX_BASEPRI_SUPPORT,USBD_MANUFACTURER_STRING,USBD_PRODUCT_STRING,NX_ENABLE_INTERFACE_CAPABILITY,NX_ENABLE_TCPIP_OFFLOAD,NX_ENABLE_ICMP_ADDRESS_CHECK,NX_ENABLE_TCP_KEEPALIVE,NX_TCP_IMMEDIATE_ACK,NX_ENABLE_TCP_WINDOW_SCALING,NX_SECURE_TLS_ENABLE_TLS_1_0,NX_SECURE_TLS_ENABLE_TLS_1_3,NX_SECURE_TLS_ENABLE_TLS_1_1,NX_SECURE_TLS_ENABLE_SSL_3_0,FX_ENABLE_EXFAT,USBD_SERIAL_NUMBER,NX_SECURE_ENABLE,ThreadXCcRTOSJjThreadXJjCore,ThreadXCcRTOSJjThreadXJjPerformanceInfo,ThreadXCcRTOSJjThreadXJjTraceXOosupport,ThreadXCcRTOSJjThreadXJjLowOoPowerOosupport,FileXCcFileOoSystemJjFileXJjCore,InterfacesCcFileOoSystemJjFileXOoInternalOoRAMOointerface,InterfacesCcFileOoSystemJjFileXOoSDOointerface,USBXCcUSBJjUSBXJjCoreSystem,USBXCcUSBJjUSBXJjUXOoDeviceOoCoreStack,USBXCcUSBJjUSBXJjUXOoDeviceOoControllers,USBXCcUSBJjUSBXJjUXOoDeviceOoClassOoSTORAGE,USBXCcUSBJjUSBXJjUXOoDeviceOoClassOoCDCOoACM,NetXDuoCcNetworkJjNetXDuoJjNXOoCore,NetXDuoCcNetworkJjNetXDuoJjAddonsOoAutoIP,NetXDuoCcNetworkJjNetXDuoJjAddonsOoDHCPOoClient,NetXDuoCcNetworkJjNetXDuoJjAddonsOomDNS,NetXDuoCcNetworkJjNetXDuoJjAddonsOoNAT,NetXDuoCcNetworkJjNetXDuoJjAddonsOoCloud,NetXDuoCcNetworkJjNetXDuoJjAddonsOoWebOoClient,NetXDuoCcNetworkJjNetXDuoJjAddonsOoFTPOoClient,NetXDuoCcNetworkJjNetXDuoJjTLS,NetXDuoCcNetworkJjNetXDuoJjCrypto,InterfacesCcNetworkJjCustomOoInterface,STM32CubeIiBSPIiComponentsCcBoardOoPartJjSDRAMOoMemoryJjIS42S32800G
STMicroelectronics.X-CUBE-AZRTOS-H7.3.4.0.InterfacesCcFileOoSystemJjFileXOoInternalOoRAMOointerface=true
STMicroelectronics.X-CUBE-AZRTOS-H7.3.4.0.InterfacesCcFileOoSystemJjFileXOoSDOointerface=true
STMicroelectronics.X-CUBE-AZRTOS-H7.3.4.0.InterfacesCcNetworkJjCustomOoInterface=true
STMicroelectronics.X-CUBE-AZRTOS-H7.3.4.0.NX_ENABLE_ICMP_ADDRESS_CHECK=true
STMicroelectronics.X-CUBE-AZRTOS-H7.3.4.0.NX_ENABLE_INTERFACE_CAPABILITY=true
STMicroelectronics.X-CUBE-AZRTOS-H7.3.4.0.NX_ENABLE_TCPIP_OFFLOAD=1
STMicroelectronics.X-CUBE-AZRTOS-H7.3.4.0.NX_ENABLE_TCP_KEEPALIVE=true
STMicroelectronics.X-CUBE-AZRTOS-H7.3.4.0.NX_ENABLE_TCP_WINDOW_SCALING=false
STMicroelectronics.X-CUBE-AZRTOS-H7.3.4.0.NX_SECURE_ENABLE=true
STMicroelectronics.X-CUBE-AZRTOS-H7.3.4.0.NX_SECURE_TLS_ENABLE_SSL_3_0=true
STMicroelectronics.X-CUBE-AZRTOS-H7.3.4.0.NX_SECURE_TLS_ENABLE_TLS_1_0=false
STMicroelectronics.X-CUBE-AZRTOS-H7.3.4.0.NX_SECURE_TLS_ENABLE_TLS_1_1=true
STMicroelectronics.X-CUBE-AZRTOS-H7.3.4.0.NX_SECURE_TLS_ENABLE_TLS_1_3=true
STMicroelectronics.X-CUBE-AZRTOS-H7.3.4.0.NX_TCP_IMMEDIATE_ACK=true
STMicroelectronics.X-CUBE-AZRTOS-H7.3.4.0.NetXDuoCcNetworkJjNetXDuoJjAddonsOoAutoIP=true
STMicroelectronics.X-CUBE-AZRTOS-H7.3.4.0.NetXDuoCcNetworkJjNetXDuoJjAddonsOoCloud=true
STMicroelectronics.X-CUBE-AZRTOS-H7.3.4.0.NetXDuoCcNetworkJjNetXDuoJjAddonsOoDHCPOoClient=true
STMicroelectronics.X-CUBE-AZRTOS-H7.3.4.0.NetXDuoCcNetworkJjNetXDuoJjAddonsOoFTPOoClient=true
STMicroelectronics.X-CUBE-AZRTOS-H7.3.4.0.NetXDuoCcNetworkJjNetXDuoJjAddonsOoNAT=true
STMicroelectronics.X-CUBE-AZRTOS-H7.3.4.0.NetXDuoCcNetworkJjNetXDuoJjAddonsOoWebOoClient=true
STMicroelectronics.X-CUBE-AZRTOS-H7.3.4.0.NetXDuoCcNetworkJjNetXDuoJjAddonsOomDNS=true
STMicroelectronics.X-CUBE-AZRTOS-H7.3.4.0.NetXDuoCcNetworkJjNetXDuoJjCrypto=true
STMicroelectronics.X-CUBE-AZRTOS-H7.3.4.0.NetXDuoCcNetworkJjNetXDuoJjNXOoCore=true
STMicroelectronics.X-CUBE-AZRTOS-H7.3.4.0.NetXDuoCcNetworkJjNetXDuoJjTLS=true
STMicroelectronics.X-CUBE-AZRTOS-H7.3.4.0.NetworkJjInterfaces_Checked=true
STMicroelectronics.X-CUBE-AZRTOS-H7.3.4.0.NetworkJjNetXDuo_Checked=true
STMicroelectronics.X-CUBE-AZRTOS-H7.3.4.0.RTOSJjThreadX_Checked=true
STMicroelectronics.X-CUBE-AZRTOS-H7.3.4.0.STM32CubeIiBSPIiComponentsCcBoardOoPartJjSDRAMOoMemoryJjIS42S32800G=true
STMicroelectronics.X-CUBE-AZRTOS-H7.3.4.0.TX_APP_CREATION=1
STMicroelectronics.X-CUBE-AZRTOS-H7.3.4.0.TX_APP_GENERATE_INIT_CODE=true
STMicroelectronics.X-CUBE-AZRTOS-H7.3.4.0.TX_APP_MSG_QUEUE_CREATION=1
STMicroelectronics.X-CUBE-AZRTOS-H7.3.4.0.TX_APP_MUTEX_CREATION=1
STMicroelectronics.X-CUBE-AZRTOS-H7.3.4.0.TX_APP_SEM_CREATION=1
STMicroelectronics.X-CUBE-AZRTOS-H7.3.4.0.TX_BASEPRI_SUPPORT=0
STMicroelectronics.X-CUBE-AZRTOS-H7.3.4.0.TX_BLOCK_POOL_ENABLE_PERFORMANCE_INFO=0
STMicroelectronics.X-CUBE-AZRTOS-H7.3.4.0.TX_BYTE_POOL_ENABLE_PERFORMANCE_INFO=0
STMicroelectronics.X-CUBE-AZRTOS-H7.3.4.0.TX_ENABLE_EVENT_TRACE=0
STMicroelectronics.X-CUBE-AZRTOS-H7.3.4.0.TX_ENABLE_RANDOM_NUMBER_STACK_FILLING=1
STMicroelectronics.X-CUBE-AZRTOS-H7.3.4.0.TX_ENABLE_STACK_CHECKING=1
STMicroelectronics.X-CUBE-AZRTOS-H7.3.4.0.TX_EVENT_FLAGS_ENABLE_PERFORMANCE_INFO=0
STMicroelectronics.X-CUBE-AZRTOS-H7.3.4.0.TX_LOW_POWER=1
STMicroelectronics.X-CUBE-AZRTOS-H7.3.4.0.TX_MUTEX_ENABLE_PERFORMANCE_INFO=0
STMicroelectronics.X-CUBE-AZRTOS-H7.3.4.0.TX_QUEUE_ENABLE_PERFORMANCE_INFO=0
STMicroelectronics.X-CUBE-AZRTOS-H7.3.4.0.TX_REACTIVATE_INLINE=1
STMicroelectronics.X-CUBE-AZRTOS-H7.3.4.0.TX_SEMAPHORE_ENABLE_PERFORMANCE_INFO=0
STMicroelectronics.X-CUBE-AZRTOS-H7.3.4.0.TX_THREAD_ENABLE_PERFORMANCE_INFO=0
STMicroelectronics.X-CUBE-AZRTOS-H7.3.4.0.TX_TIMER_ENABLE_PERFORMANCE_INFO=0
STMicroelectronics.X-CUBE-AZRTOS-H7.3.4.0.TX_TIMER_PROCESS_IN_ISR=1
STMicroelectronics.X-CUBE-AZRTOS-H7.3.4.0.ThreadXCcRTOSJjThreadXJjCore=true
STMicroelectronics.X-CUBE-AZRTOS-H7.3.4.0.ThreadXCcRTOSJjThreadXJjLowOoPowerOosupport=true
STMicroelectronics.X-CUBE-AZRTOS-H7.3.4.0.ThreadXCcRTOSJjThreadXJjPerformanceInfo=true
STMicroelectronics.X-CUBE-AZRTOS-H7.3.4.0.ThreadXCcRTOSJjThreadXJjTraceXOosupport=true
STMicroelectronics.X-CUBE-AZRTOS-H7.3.4.0.USBD_MANUFACTURER_STRING=IOT-HMI
STMicroelectronics.X-CUBE-AZRTOS-H7.3.4.0.USBD_PRODUCT_STRING=IOT-HMI DUAL VCP
STMicroelectronics.X-CUBE-AZRTOS-H7.3.4.0.USBD_SERIAL_NUMBER=000054998065
STMicroelectronics.X-CUBE-AZRTOS-H7.3.4.0.USBJjUSBX_Checked=true
STMicroelectronics.X-CUBE-AZRTOS-H7.3.4.0.USBXCcUSBJjUSBXJjCoreSystem=true
STMicroelectronics.X-CUBE-AZRTOS-H7.3.4.0.USBXCcUSBJjUSBXJjUXOoDeviceOoClassOoCDCOoACM=true
STMicroelectronics.X-CUBE-AZRTOS-H7.3.4.0.USBXCcUSBJjUSBXJjUXOoDeviceOoClassOoSTORAGE=true
STMicroelectronics.X-CUBE-AZRTOS-H7.3.4.0.USBXCcUSBJjUSBXJjUXOoDeviceOoControllers=true
STMicroelectronics.X-CUBE-AZRTOS-H7.3.4.0.USBXCcUSBJjUSBXJjUXOoDeviceOoCoreStack=true
STMicroelectronics.X-CUBE-AZRTOS-H7.3.4.0_IsAnAzureRtosMw=true
STMicroelectronics.X-CUBE-AZRTOS-H7.3.4.0_SwParameter=NetXDuoCcNetworkJjNetXDuoJjCrypto\:true;InterfacesCcFileOoSystemJjFileXOoSDOointerface\:true;NetXDuoCcNetworkJjNetXDuoJjAddonsOoAutoIP\:true;ThreadXCcRTOSJjThreadXJjLowOoPowerOosupport\:true;NetXDuoCcNetworkJjNetXDuoJjAddonsOomDNS\:true;USBXCcUSBJjUSBXJjUXOoDeviceOoControllers\:true;NetXDuoCcNetworkJjNetXDuoJjNXOoCore\:true;USBXCcUSBJjUSBXJjCoreSystem\:true;ThreadXCcRTOSJjThreadXJjTraceXOosupport\:true;InterfacesCcNetworkJjCustomOoInterface\:true;FileXCcFileOoSystemJjFileXJjCore\:true;ThreadXCcRTOSJjThreadXJjCore\:true;USBXCcUSBJjUSBXJjUXOoDeviceOoCoreStack\:true;NetXDuoCcNetworkJjNetXDuoJjAddonsOoFTPOoClient\:true;NetXDuoCcNetworkJjNetXDuoJjTLS\:true;USBXCcUSBJjUSBXJjUXOoDeviceOoClassOoSTORAGE\:true;NetXDuoCcNetworkJjNetXDuoJjAddonsOoNAT\:true;NetXDuoCcNetworkJjNetXDuoJjAddonsOoCloud\:true;USBXCcUSBJjUSBXJjUXOoDeviceOoClassOoCDCOoACM\:true;STM32CubeIiBSPIiComponentsCcBoardOoPartJjSDRAMOoMemoryJjIS42S32800G\:true;InterfacesCcFileOoSystemJjFileXOoInternalOoRAMOointerface\:true;NetXDuoCcNetworkJjNetXDuoJjAddonsOoDHCPOoClient\:true;ThreadXCcRTOSJjThreadXJjPerformanceInfo\:true;NetXDuoCcNetworkJjNetXDuoJjAddonsOoWebOoClient\:true;
TIM12.Channel-Output\ Compare1\ CH1=TIM_CHANNEL_1
TIM12.IPParameters=Channel-Output Compare1 CH1
TIM2.Channel-PWM\ Generation1\ CH1=TIM_CHANNEL_1
TIM2.Channel-PWM\ Generation2\ CH2=TIM_CHANNEL_2
TIM2.Channel-PWM\ Generation3\ CH3=TIM_CHANNEL_3
TIM2.IPParameters=Channel-PWM Generation3 CH3,Channel-PWM Generation1 CH1,Channel-PWM Generation2 CH2
TIM3.Channel-PWM\ Generation3\ CH3=TIM_CHANNEL_3
TIM3.IPParameters=Channel-PWM Generation3 CH3
TIM8.Channel-Output\ Compare2\ CH2=TIM_CHANNEL_2
TIM8.IPParameters=Channel-Output Compare2 CH2
UART5.FIFOMode=FIFOMODE_ENABLE
UART5.IPParameters=FIFOMode
UART7.FIFOMode=FIFOMODE_ENABLE
UART7.IPParameters=FIFOMode
UART8.FIFOMode=FIFOMODE_ENABLE
UART8.IPParameters=FIFOMode
USB_OTG_FS.IPParameters=VirtualMode,dma_enable,low_power_enable,Sof_enable
USB_OTG_FS.Sof_enable=ENABLE
USB_OTG_FS.VirtualMode=Device_Only
USB_OTG_FS.dma_enable=ENABLE
USB_OTG_FS.low_power_enable=ENABLE
VP_CRC_VS_CRC.Mode=CRC_Activate
VP_CRC_VS_CRC.Signal=CRC_VS_CRC
VP_CRYP_VS_CRYP.Mode=CRYP_Activate
VP_CRYP_VS_CRYP.Signal=CRYP_VS_CRYP
VP_HASH_VS_HASH.Mode=HASH_Activate
VP_HASH_VS_HASH.Signal=HASH_VS_HASH
VP_IWDG1_VS_IWDG.Mode=IWDG_Activate
VP_IWDG1_VS_IWDG.Signal=IWDG1_VS_IWDG
VP_LPTIM1_VS_LPTIM_counterModeInternalClock.Mode=Counts__internal_clock_event_00
VP_LPTIM1_VS_LPTIM_counterModeInternalClock.Signal=LPTIM1_VS_LPTIM_counterModeInternalClock
VP_MEMORYMAP_VS_MEMORYMAP.Mode=CurAppReg
VP_MEMORYMAP_VS_MEMORYMAP.Signal=MEMORYMAP_VS_MEMORYMAP
VP_RNG_VS_RNG.Mode=RNG_Activate
VP_RNG_VS_RNG.Signal=RNG_VS_RNG
VP_RTC_VS_RTC_Activate.Mode=RTC_Enabled
VP_RTC_VS_RTC_Activate.Signal=RTC_VS_RTC_Activate
VP_STMicroelectronics.X-CUBE-AZRTOS-H7_VS_BoardOoPartJjSTM32CubeIiBSPIiComponents_3.4.0_3.4.0.Mode=BoardOoPartJjSTM32CubeIiBSPIiComponents
VP_STMicroelectronics.X-CUBE-AZRTOS-H7_VS_BoardOoPartJjSTM32CubeIiBSPIiComponents_3.4.0_3.4.0.Signal=STMicroelectronics.X-CUBE-AZRTOS-H7_VS_BoardOoPartJjSTM32CubeIiBSPIiComponents_3.4.0_3.4.0
VP_STMicroelectronics.X-CUBE-AZRTOS-H7_VS_FileOoSystemJjFileX_6.4.0_3.4.0.Mode=FileOoSystemJjFileX
VP_STMicroelectronics.X-CUBE-AZRTOS-H7_VS_FileOoSystemJjFileX_6.4.0_3.4.0.Signal=STMicroelectronics.X-CUBE-AZRTOS-H7_VS_FileOoSystemJjFileX_6.4.0_3.4.0
VP_STMicroelectronics.X-CUBE-AZRTOS-H7_VS_FileOoSystemJjInterfaces_3.4.0_3.4.0.Mode=FileOoSystemJjInterfaces
VP_STMicroelectronics.X-CUBE-AZRTOS-H7_VS_FileOoSystemJjInterfaces_3.4.0_3.4.0.Signal=STMicroelectronics.X-CUBE-AZRTOS-H7_VS_FileOoSystemJjInterfaces_3.4.0_3.4.0
VP_STMicroelectronics.X-CUBE-AZRTOS-H7_VS_NetworkJjInterfaces_3.4.0_3.4.0.Mode=NetworkJjInterfaces
VP_STMicroelectronics.X-CUBE-AZRTOS-H7_VS_NetworkJjInterfaces_3.4.0_3.4.0.Signal=STMicroelectronics.X-CUBE-AZRTOS-H7_VS_NetworkJjInterfaces_3.4.0_3.4.0
VP_STMicroelectronics.X-CUBE-AZRTOS-H7_VS_NetworkJjNetXDuo_6.4.0_3.4.0.Mode=NetworkJjNetXDuo
VP_STMicroelectronics.X-CUBE-AZRTOS-H7_VS_NetworkJjNetXDuo_6.4.0_3.4.0.Signal=STMicroelectronics.X-CUBE-AZRTOS-H7_VS_NetworkJjNetXDuo_6.4.0_3.4.0
VP_STMicroelectronics.X-CUBE-AZRTOS-H7_VS_RTOSJjThreadX_6.4.0_3.4.0.Mode=RTOSJjThreadX
VP_STMicroelectronics.X-CUBE-AZRTOS-H7_VS_RTOSJjThreadX_6.4.0_3.4.0.Signal=STMicroelectronics.X-CUBE-AZRTOS-H7_VS_RTOSJjThreadX_6.4.0_3.4.0
VP_STMicroelectronics.X-CUBE-AZRTOS-H7_VS_USBJjUSBX_6.4.0_3.4.0.Mode=USBJjUSBX
VP_STMicroelectronics.X-CUBE-AZRTOS-H7_VS_USBJjUSBX_6.4.0_3.4.0.Signal=STMicroelectronics.X-CUBE-AZRTOS-H7_VS_USBJjUSBX_6.4.0_3.4.0
VP_SYS_VS_tim1.Mode=TIM1
VP_SYS_VS_tim1.Signal=SYS_VS_tim1
VP_TIM12_VS_ClockSourceINT.Mode=Internal
VP_TIM12_VS_ClockSourceINT.Signal=TIM12_VS_ClockSourceINT
VP_TIM2_VS_ClockSourceINT.Mode=Internal
VP_TIM2_VS_ClockSourceINT.Signal=TIM2_VS_ClockSourceINT
VP_TIM3_VS_ClockSourceINT.Mode=Internal
VP_TIM3_VS_ClockSourceINT.Signal=TIM3_VS_ClockSourceINT
VP_TIM8_VS_ClockSourceINT.Mode=Internal
VP_TIM8_VS_ClockSourceINT.Signal=TIM8_VS_ClockSourceINT
board=custom
